
Microsoft Visual Studio Solution File, Format Version 11.00
# Visual Studio 2010
Project("{FAE04EC0-301F-11D3-BF4B-00C04F79EFBC}") = "TextToSpeechTest", "TextToSpeechTest.csproj", "{4D692EE7-40E6-44F2-84A5-B876A5A60DDE}"
EndProject
Global
	GlobalSection(TeamFoundationVersionControl) = preSolution
		SccNumberOfProjects = 2
		SccEnterpriseProvider = {4CA58AB2-18FA-4F8D-95D4-32DDF27D184C}
		SccTeamFoundationServer = https://tfsgorba.gorba.com:8443/tfs/defaultcollection
		SccLocalPath0 = .
		SccProjectUniqueName1 = TextToSpeechTest.csproj
		SccLocalPath1 = .
	EndGlobalSection
	GlobalSection(SolutionConfigurationPlatforms) = preSolution
		Debug|x86 = Debug|x86
		Release|x86 = Release|x86
	EndGlobalSection
	GlobalSection(ProjectConfigurationPlatforms) = postSolution
		{4D692EE7-40E6-44F2-84A5-B876A5A60DDE}.Debug|x86.ActiveCfg = Debug|x86
		{4D692EE7-40E6-44F2-84A5-B876A5A60DDE}.Debug|x86.Build.0 = Debug|x86
		{4D692EE7-40E6-44F2-84A5-B876A5A60DDE}.Release|x86.ActiveCfg = Release|x86
		{4D692EE7-40E6-44F2-84A5-B876A5A60DDE}.Release|x86.Build.0 = Release|x86
	EndGlobalSection
	GlobalSection(SolutionProperties) = preSolution
		HideSolutionNode = FALSE
	EndGlobalSection
EndGlobal
