
Microsoft Visual Studio Solution File, Format Version 11.00
# Visual Studio 2010
Project("{FAE04EC0-301F-11D3-BF4B-00C04F79EFBC}") = "UnitManagerConsoleApp", "UnitManagerConsoleApp\UnitManagerConsoleApp.csproj", "{A9467818-5495-4F0E-88BB-BFCA564EE5E5}"
EndProject
Project("{FAE04EC0-301F-11D3-BF4B-00C04F79EFBC}") = "Center.BusinessLogic.Services", "..\..\Source\Core\Center.BusinessLogic.Services.csproj", "{BDFEE004-73EE-40F9-BF20-20B9E28C7639}"
EndProject
Project("{FAE04EC0-301F-11D3-BF4B-00C04F79EFBC}") = "Center.BusinessLogic.Controllers", "..\..\Source\Controllers\Center.BusinessLogic.Controllers.csproj", "{70B368D6-BAA3-4A1C-98E5-45370195635B}"
EndProject
Project("{FAE04EC0-301F-11D3-BF4B-00C04F79EFBC}") = "Center.Common.Data", "..\..\..\Common\Source\Data\Center.Common.Data.csproj", "{C5E1AD10-A3DE-42A0-802E-DCDE598AF157}"
EndProject
Project("{FAE04EC0-301F-11D3-BF4B-00C04F79EFBC}") = "Center.Common.ServiceModel", "..\..\..\Common\Source\ServiceModel\Center.Common.ServiceModel.csproj", "{768079A3-523C-492B-8822-1655594BA3F7}"
EndProject
Project("{FAE04EC0-301F-11D3-BF4B-00C04F79EFBC}") = "CommS.Core.ComponentModel", "..\..\..\CommS\Source\Core\ComponentModel\CommS.Core.ComponentModel.csproj", "{E69F11C7-502F-460B-876C-3DC343C9BD78}"
EndProject
Project("{FAE04EC0-301F-11D3-BF4B-00C04F79EFBC}") = "CommS.Wcf.ServiceModel", "..\..\..\CommS\Source\Wcf\ServiceModel\CommS.Wcf.ServiceModel.csproj", "{D54684F4-5F16-4901-A798-C0D7B7480CA0}"
EndProject
Project("{FAE04EC0-301F-11D3-BF4B-00C04F79EFBC}") = "Center.Common.Core", "..\..\..\Common\Source\Library\Center.Common.Core.csproj", "{CF3487A1-EACF-4016-AAA0-A5B30B2CBDCE}"
EndProject
Project("{FAE04EC0-301F-11D3-BF4B-00C04F79EFBC}") = "Center.Client.Proxy", "..\..\Source\Client\Center.Client.Proxy.csproj", "{6D454F7B-CA50-4DC2-AAB3-1020DDE6F40D}"
EndProject
Project("{FAE04EC0-301F-11D3-BF4B-00C04F79EFBC}") = "Utility.Core", "..\..\..\..\Common\Utility\Source\Core\Utility.Core.csproj", "{8A10E3D6-2C5D-4A72-97EF-5A412663920C}"
EndProject
Project("{FAE04EC0-301F-11D3-BF4B-00C04F79EFBC}") = "Configuration.Core", "..\..\..\..\Common\Configuration\Source\Core\Configuration.Core.csproj", "{E53548FE-1D9D-4A99-8FC0-F02B661D964F}"
EndProject
Project("{FAE04EC0-301F-11D3-BF4B-00C04F79EFBC}") = "Utility.ConcurrentPriorityQueue", "..\..\..\..\Common\Utility\Source\ConcurrentPriorityQueue\Utility.ConcurrentPriorityQueue.csproj", "{3B25263B-F663-4D64-97EF-51C6DEBDF9A6}"
EndProject
Project("{FAE04EC0-301F-11D3-BF4B-00C04F79EFBC}") = "Center.Common.Activities", "..\..\..\Common\Source\Activities\Center.Common.Activities.csproj", "{09EEC281-90AC-4BA4-BCBC-6A636EA04A21}"
EndProject
Project("{FAE04EC0-301F-11D3-BF4B-00C04F79EFBC}") = "Protocols.Qnet", "..\..\..\..\Common\Protocols\Source\Qnet\Protocols.Qnet.csproj", "{1ADAC8C9-5FA3-4B65-8C57-F2A8F4EE20C4}"
EndProject
Project("{2150E333-8FDC-42A3-9474-1A3956D46DE8}") = "References", "References", "{B9C83384-A305-4879-AEEF-3C3E7A8E8D90}"
EndProject
Project("{FAE04EC0-301F-11D3-BF4B-00C04F79EFBC}") = "Center.Common.Caching", "..\..\..\Common\Source\Caching\Center.Common.Caching.csproj", "{02CFDF67-9CA4-4014-8E56-F48546439336}"
EndProject
Project("{FAE04EC0-301F-11D3-BF4B-00C04F79EFBC}") = "Center.Common.Utils", "..\..\..\Common\Source\Utils\Center.Common.Utils.csproj", "{E9CCF902-5E1C-48DA-A764-988D59032232}"
EndProject
Project("{FAE04EC0-301F-11D3-BF4B-00C04F79EFBC}") = "ComponentModel.Base", "..\..\..\..\Common\ComponentModel\Source\Base\ComponentModel.Base.csproj", "{0A91366D-AB6D-4144-904D-B19DC7D366AA}"
EndProject
Project("{FAE04EC0-301F-11D3-BF4B-00C04F79EFBC}") = "CommS.Core.Monitoring", "..\..\..\CommS\Source\Core\Monitoring\CommS.Core.Monitoring.csproj", "{155AAE90-2B46-4FC2-B5C3-CD689ECB85E8}"
EndProject
Project("{FAE04EC0-301F-11D3-BF4B-00C04F79EFBC}") = "Protocols.Core", "..\..\..\..\Common\Protocols\Source\Core\Protocols.Core.csproj", "{FBD3063D-3AB5-435D-A3A4-F3D2A3CB4275}"
EndProject
Global
	GlobalSection(TeamFoundationVersionControl) = preSolution
		SccNumberOfProjects = 20
		SccEnterpriseProvider = {4CA58AB2-18FA-4F8D-95D4-32DDF27D184C}
		SccTeamFoundationServer = https://tfsgorba.gorba.com:8443/tfs/defaultcollection
		SccLocalPath0 = .
		SccProjectUniqueName1 = ..\\..\\Source\\Services\\Center.BusinessLogic.Services.csproj
		SccProjectTopLevelParentUniqueName1 = UnitManagerConsoleApp.sln
		SccProjectName1 = ../../Source/Core
		SccLocalPath1 = ..\\..\\Source\\Services
		SccProjectUniqueName2 = ..\\..\\Source\\Controllers\\Center.BusinessLogic.Controllers.csproj
		SccProjectTopLevelParentUniqueName2 = UnitManagerConsoleApp.sln
		SccProjectName2 = ../../Source/ActivityInstance
		SccLocalPath2 = ..\\..\\Source\\ActivityInstance
		SccProjectUniqueName3 = ..\\..\\..\\Common\\Source\\Data\\Center.Common.Data.csproj
		SccProjectTopLevelParentUniqueName3 = UnitManagerConsoleApp.sln
		SccProjectName3 = ../../../Common/Source/Data
		SccLocalPath3 = ..\\..\\..\\Common\\Source\\Data
		SccProjectUniqueName4 = ..\\..\\..\\Common\\Source\\ServiceModel\\Center.Common.ServiceModel.csproj
		SccProjectTopLevelParentUniqueName4 = UnitManagerConsoleApp.sln
		SccProjectName4 = ../../../Common/Source/ServiceModel
		SccLocalPath4 = ..\\..\\..\\Common\\Source\\ServiceModel
		SccProjectUniqueName5 = ..\\..\\..\\CommS\\Source\\Core\\ComponentModel\\CommS.Core.ComponentModel.csproj
		SccProjectTopLevelParentUniqueName5 = UnitManagerConsoleApp.sln
		SccProjectName5 = ../../../CommS/Source/Core/ComponentModel
		SccLocalPath5 = ..\\..\\..\\CommS\\Source\\Core\\ComponentModel
		SccProjectUniqueName6 = ..\\..\\..\\CommS\\Source\\Wcf\\ServiceModel\\CommS.Wcf.ServiceModel.csproj
		SccProjectTopLevelParentUniqueName6 = UnitManagerConsoleApp.sln
		SccProjectName6 = ../../../CommS/Source/Wcf/ServiceModel
		SccLocalPath6 = ..\\..\\..\\CommS\\Source\\Wcf\\ServiceModel
		SccProjectUniqueName7 = ..\\..\\..\\Common\\Source\\Library\\Center.Common.Core.csproj
		SccProjectTopLevelParentUniqueName7 = UnitManagerConsoleApp.sln
		SccProjectName7 = ../../../Common/Source/Library
		SccLocalPath7 = ..\\..\\..\\Common\\Source\\Library
		SccProjectUniqueName8 = ..\\..\\Source\\Client\\Center.Client.Proxy.csproj
		SccProjectTopLevelParentUniqueName8 = UnitManagerConsoleApp.sln
		SccProjectName8 = ../../Source/Client
		SccLocalPath8 = ..\\..\\Source\\Client
		SccProjectUniqueName9 = ..\\..\\..\\..\\Common\\Utility\\Source\\Core\\Utility.Core.csproj
		SccProjectTopLevelParentUniqueName9 = UnitManagerConsoleApp.sln
		SccProjectName9 = ../../../../Common/Utility/Source/Core
		SccLocalPath9 = ..\\..\\..\\..\\Common\\Utility\\Source\\Core
		SccProjectUniqueName10 = ..\\..\\..\\..\\Common\\Configuration\\Source\\Core\\Configuration.Core.csproj
		SccProjectTopLevelParentUniqueName10 = UnitManagerConsoleApp.sln
		SccProjectName10 = ../../../../Common/Configuration/Source/Core
		SccLocalPath10 = ..\\..\\..\\..\\Common\\Configuration\\Source\\Core
		SccProjectUniqueName11 = UnitManagerConsoleApp\\UnitManagerConsoleApp.csproj
		SccProjectName11 = UnitManagerConsoleApp
		SccLocalPath11 = UnitManagerConsoleApp
		SccProjectUniqueName12 = ..\\..\\..\\..\\Common\\Utility\\Source\\ConcurrentPriorityQueue\\Utility.ConcurrentPriorityQueue.csproj
		SccProjectTopLevelParentUniqueName12 = UnitManagerConsoleApp.sln
		SccProjectName12 = ../../../../Common/Utility/Source/ConcurrentPriorityQueue
		SccLocalPath12 = ..\\..\\..\\..\\Common\\Utility\\Source\\ConcurrentPriorityQueue
		SccProjectUniqueName13 = ..\\..\\..\\Common\\Source\\Activities\\Center.Common.Activities.csproj
		SccProjectTopLevelParentUniqueName13 = UnitManagerConsoleApp.sln
		SccProjectName13 = ../../../Common/Source/Activities
		SccLocalPath13 = ..\\..\\..\\Common\\Source\\Activities
		SccProjectUniqueName14 = ..\\..\\..\\..\\Common\\Protocols\\Source\\Qnet\\Protocols.Qnet.csproj
		SccProjectTopLevelParentUniqueName14 = UnitManagerConsoleApp.sln
		SccProjectName14 = ../../../../Common/Protocols/Source/Qnet
		SccLocalPath14 = ..\\..\\..\\..\\Common\\Protocols\\Source\\Qnet
		SccProjectUniqueName15 = ..\\..\\..\\Common\\Source\\Caching\\Center.Common.Caching.csproj
		SccProjectTopLevelParentUniqueName15 = UnitManagerConsoleApp.sln
		SccProjectName15 = ../../../Common/Source/Caching
		SccLocalPath15 = ..\\..\\..\\Common\\Source\\Caching
		SccProjectUniqueName16 = ..\\..\\..\\Common\\Source\\Utils\\Center.Common.Utils.csproj
		SccProjectTopLevelParentUniqueName16 = UnitManagerConsoleApp.sln
		SccProjectName16 = ../../../Common/Source/Utils
		SccLocalPath16 = ..\\..\\..\\Common\\Source\\Utils
		SccProjectUniqueName17 = ..\\..\\..\\..\\Common\\ComponentModel\\Source\\Base\\ComponentModel.Base.csproj
		SccProjectTopLevelParentUniqueName17 = UnitManagerConsoleApp.sln
		SccProjectName17 = ../../../../Common/ComponentModel/Source/Base
		SccLocalPath17 = ..\\..\\..\\..\\Common\\ComponentModel\\Source\\Base
		SccProjectUniqueName18 = ..\\..\\..\\CommS\\Source\\Core\\Monitoring\\CommS.Core.Monitoring.csproj
		SccProjectTopLevelParentUniqueName18 = UnitManagerConsoleApp.sln
		SccProjectName18 = ../../../CommS/Source/Core/Monitoring
		SccLocalPath18 = ..\\..\\..\\CommS\\Source\\Core\\Monitoring
		SccProjectUniqueName19 = ..\\..\\..\\..\\Common\\Protocols\\Source\\Core\\Protocols.Core.csproj
		SccProjectTopLevelParentUniqueName19 = UnitManagerConsoleApp.sln
		SccProjectName19 = ../../../../Common/Protocols/Source/Core
		SccLocalPath19 = ..\\..\\..\\..\\Common\\Protocols\\Source\\Core
	EndGlobalSection
	GlobalSection(SolutionConfigurationPlatforms) = preSolution
		BlueHands|Any CPU = BlueHands|Any CPU
		BlueHands|Mixed Platforms = BlueHands|Mixed Platforms
		BlueHands|x86 = BlueHands|x86
		Debug|Any CPU = Debug|Any CPU
		Debug|Mixed Platforms = Debug|Mixed Platforms
		Debug|x86 = Debug|x86
		Demo|Any CPU = Demo|Any CPU
		Demo|Mixed Platforms = Demo|Mixed Platforms
		Demo|x86 = Demo|x86
		Development|Any CPU = Development|Any CPU
		Development|Mixed Platforms = Development|Mixed Platforms
		Development|x86 = Development|x86
		Release|Any CPU = Release|Any CPU
		Release|Mixed Platforms = Release|Mixed Platforms
		Release|x86 = Release|x86
	EndGlobalSection
	GlobalSection(ProjectConfigurationPlatforms) = postSolution
		{A9467818-5495-4F0E-88BB-BFCA564EE5E5}.BlueHands|Any CPU.ActiveCfg = Release|x86
		{A9467818-5495-4F0E-88BB-BFCA564EE5E5}.BlueHands|Mixed Platforms.ActiveCfg = Release|x86
		{A9467818-5495-4F0E-88BB-BFCA564EE5E5}.BlueHands|Mixed Platforms.Build.0 = Release|x86
		{A9467818-5495-4F0E-88BB-BFCA564EE5E5}.BlueHands|x86.ActiveCfg = Release|x86
		{A9467818-5495-4F0E-88BB-BFCA564EE5E5}.BlueHands|x86.Build.0 = Release|x86
		{A9467818-5495-4F0E-88BB-BFCA564EE5E5}.Debug|Any CPU.ActiveCfg = Debug|x86
		{A9467818-5495-4F0E-88BB-BFCA564EE5E5}.Debug|Mixed Platforms.ActiveCfg = Debug|x86
		{A9467818-5495-4F0E-88BB-BFCA564EE5E5}.Debug|Mixed Platforms.Build.0 = Debug|x86
		{A9467818-5495-4F0E-88BB-BFCA564EE5E5}.Debug|x86.ActiveCfg = Debug|x86
		{A9467818-5495-4F0E-88BB-BFCA564EE5E5}.Debug|x86.Build.0 = Debug|x86
		{A9467818-5495-4F0E-88BB-BFCA564EE5E5}.Demo|Any CPU.ActiveCfg = Debug|x86
		{A9467818-5495-4F0E-88BB-BFCA564EE5E5}.Demo|Mixed Platforms.ActiveCfg = Debug|x86
		{A9467818-5495-4F0E-88BB-BFCA564EE5E5}.Demo|Mixed Platforms.Build.0 = Debug|x86
		{A9467818-5495-4F0E-88BB-BFCA564EE5E5}.Demo|x86.ActiveCfg = Debug|x86
		{A9467818-5495-4F0E-88BB-BFCA564EE5E5}.Demo|x86.Build.0 = Debug|x86
		{A9467818-5495-4F0E-88BB-BFCA564EE5E5}.Development|Any CPU.ActiveCfg = Debug|x86
		{A9467818-5495-4F0E-88BB-BFCA564EE5E5}.Development|Mixed Platforms.ActiveCfg = Debug|x86
		{A9467818-5495-4F0E-88BB-BFCA564EE5E5}.Development|Mixed Platforms.Build.0 = Debug|x86
		{A9467818-5495-4F0E-88BB-BFCA564EE5E5}.Development|x86.ActiveCfg = Debug|x86
		{A9467818-5495-4F0E-88BB-BFCA564EE5E5}.Development|x86.Build.0 = Debug|x86
		{A9467818-5495-4F0E-88BB-BFCA564EE5E5}.Release|Any CPU.ActiveCfg = Release|x86
		{A9467818-5495-4F0E-88BB-BFCA564EE5E5}.Release|Mixed Platforms.ActiveCfg = Release|x86
		{A9467818-5495-4F0E-88BB-BFCA564EE5E5}.Release|Mixed Platforms.Build.0 = Release|x86
		{A9467818-5495-4F0E-88BB-BFCA564EE5E5}.Release|x86.ActiveCfg = Release|x86
		{A9467818-5495-4F0E-88BB-BFCA564EE5E5}.Release|x86.Build.0 = Release|x86
		{BDFEE004-73EE-40F9-BF20-20B9E28C7639}.BlueHands|Any CPU.ActiveCfg = Release|Any CPU
		{BDFEE004-73EE-40F9-BF20-20B9E28C7639}.BlueHands|Any CPU.Build.0 = Release|Any CPU
		{BDFEE004-73EE-40F9-BF20-20B9E28C7639}.BlueHands|Mixed Platforms.ActiveCfg = Release|Any CPU
		{BDFEE004-73EE-40F9-BF20-20B9E28C7639}.BlueHands|Mixed Platforms.Build.0 = Release|Any CPU
		{BDFEE004-73EE-40F9-BF20-20B9E28C7639}.BlueHands|x86.ActiveCfg = Release|Any CPU
		{BDFEE004-73EE-40F9-BF20-20B9E28C7639}.Debug|Any CPU.ActiveCfg = Debug|Any CPU
		{BDFEE004-73EE-40F9-BF20-20B9E28C7639}.Debug|Any CPU.Build.0 = Debug|Any CPU
		{BDFEE004-73EE-40F9-BF20-20B9E28C7639}.Debug|Mixed Platforms.ActiveCfg = Debug|Any CPU
		{BDFEE004-73EE-40F9-BF20-20B9E28C7639}.Debug|Mixed Platforms.Build.0 = Debug|Any CPU
		{BDFEE004-73EE-40F9-BF20-20B9E28C7639}.Debug|x86.ActiveCfg = Debug|Any CPU
		{BDFEE004-73EE-40F9-BF20-20B9E28C7639}.Demo|Any CPU.ActiveCfg = Debug|Any CPU
		{BDFEE004-73EE-40F9-BF20-20B9E28C7639}.Demo|Any CPU.Build.0 = Debug|Any CPU
		{BDFEE004-73EE-40F9-BF20-20B9E28C7639}.Demo|Mixed Platforms.ActiveCfg = Debug|Any CPU
		{BDFEE004-73EE-40F9-BF20-20B9E28C7639}.Demo|Mixed Platforms.Build.0 = Debug|Any CPU
		{BDFEE004-73EE-40F9-BF20-20B9E28C7639}.Demo|x86.ActiveCfg = Debug|Any CPU
		{BDFEE004-73EE-40F9-BF20-20B9E28C7639}.Development|Any CPU.ActiveCfg = Debug|Any CPU
		{BDFEE004-73EE-40F9-BF20-20B9E28C7639}.Development|Any CPU.Build.0 = Debug|Any CPU
		{BDFEE004-73EE-40F9-BF20-20B9E28C7639}.Development|Mixed Platforms.ActiveCfg = Debug|Any CPU
		{BDFEE004-73EE-40F9-BF20-20B9E28C7639}.Development|Mixed Platforms.Build.0 = Debug|Any CPU
		{BDFEE004-73EE-40F9-BF20-20B9E28C7639}.Development|x86.ActiveCfg = Debug|Any CPU
		{BDFEE004-73EE-40F9-BF20-20B9E28C7639}.Release|Any CPU.ActiveCfg = Release|Any CPU
		{BDFEE004-73EE-40F9-BF20-20B9E28C7639}.Release|Any CPU.Build.0 = Release|Any CPU
		{BDFEE004-73EE-40F9-BF20-20B9E28C7639}.Release|Mixed Platforms.ActiveCfg = Release|Any CPU
		{BDFEE004-73EE-40F9-BF20-20B9E28C7639}.Release|Mixed Platforms.Build.0 = Release|Any CPU
		{BDFEE004-73EE-40F9-BF20-20B9E28C7639}.Release|x86.ActiveCfg = Release|Any CPU
		{70B368D6-BAA3-4A1C-98E5-45370195635B}.BlueHands|Any CPU.ActiveCfg = Release|Any CPU
		{70B368D6-BAA3-4A1C-98E5-45370195635B}.BlueHands|Any CPU.Build.0 = Release|Any CPU
		{70B368D6-BAA3-4A1C-98E5-45370195635B}.BlueHands|Mixed Platforms.ActiveCfg = Release|Any CPU
		{70B368D6-BAA3-4A1C-98E5-45370195635B}.BlueHands|Mixed Platforms.Build.0 = Release|Any CPU
		{70B368D6-BAA3-4A1C-98E5-45370195635B}.BlueHands|x86.ActiveCfg = Release|Any CPU
		{70B368D6-BAA3-4A1C-98E5-45370195635B}.Debug|Any CPU.ActiveCfg = Debug|Any CPU
		{70B368D6-BAA3-4A1C-98E5-45370195635B}.Debug|Any CPU.Build.0 = Debug|Any CPU
		{70B368D6-BAA3-4A1C-98E5-45370195635B}.Debug|Mixed Platforms.ActiveCfg = Debug|Any CPU
		{70B368D6-BAA3-4A1C-98E5-45370195635B}.Debug|Mixed Platforms.Build.0 = Debug|Any CPU
		{70B368D6-BAA3-4A1C-98E5-45370195635B}.Debug|x86.ActiveCfg = Debug|Any CPU
		{70B368D6-BAA3-4A1C-98E5-45370195635B}.Demo|Any CPU.ActiveCfg = Debug|Any CPU
		{70B368D6-BAA3-4A1C-98E5-45370195635B}.Demo|Any CPU.Build.0 = Debug|Any CPU
		{70B368D6-BAA3-4A1C-98E5-45370195635B}.Demo|Mixed Platforms.ActiveCfg = Debug|Any CPU
		{70B368D6-BAA3-4A1C-98E5-45370195635B}.Demo|Mixed Platforms.Build.0 = Debug|Any CPU
		{70B368D6-BAA3-4A1C-98E5-45370195635B}.Demo|x86.ActiveCfg = Debug|Any CPU
		{70B368D6-BAA3-4A1C-98E5-45370195635B}.Development|Any CPU.ActiveCfg = Debug|Any CPU
		{70B368D6-BAA3-4A1C-98E5-45370195635B}.Development|Any CPU.Build.0 = Debug|Any CPU
		{70B368D6-BAA3-4A1C-98E5-45370195635B}.Development|Mixed Platforms.ActiveCfg = Debug|Any CPU
		{70B368D6-BAA3-4A1C-98E5-45370195635B}.Development|Mixed Platforms.Build.0 = Debug|Any CPU
		{70B368D6-BAA3-4A1C-98E5-45370195635B}.Development|x86.ActiveCfg = Debug|Any CPU
		{70B368D6-BAA3-4A1C-98E5-45370195635B}.Release|Any CPU.ActiveCfg = Release|Any CPU
		{70B368D6-BAA3-4A1C-98E5-45370195635B}.Release|Any CPU.Build.0 = Release|Any CPU
		{70B368D6-BAA3-4A1C-98E5-45370195635B}.Release|Mixed Platforms.ActiveCfg = Release|Any CPU
		{70B368D6-BAA3-4A1C-98E5-45370195635B}.Release|Mixed Platforms.Build.0 = Release|Any CPU
		{70B368D6-BAA3-4A1C-98E5-45370195635B}.Release|x86.ActiveCfg = Release|Any CPU
		{C5E1AD10-A3DE-42A0-802E-DCDE598AF157}.BlueHands|Any CPU.ActiveCfg = Release|Any CPU
		{C5E1AD10-A3DE-42A0-802E-DCDE598AF157}.BlueHands|Any CPU.Build.0 = Release|Any CPU
		{C5E1AD10-A3DE-42A0-802E-DCDE598AF157}.BlueHands|Mixed Platforms.ActiveCfg = Release|Any CPU
		{C5E1AD10-A3DE-42A0-802E-DCDE598AF157}.BlueHands|Mixed Platforms.Build.0 = Release|Any CPU
		{C5E1AD10-A3DE-42A0-802E-DCDE598AF157}.BlueHands|x86.ActiveCfg = Release|Any CPU
		{C5E1AD10-A3DE-42A0-802E-DCDE598AF157}.Debug|Any CPU.ActiveCfg = Debug|Any CPU
		{C5E1AD10-A3DE-42A0-802E-DCDE598AF157}.Debug|Any CPU.Build.0 = Debug|Any CPU
		{C5E1AD10-A3DE-42A0-802E-DCDE598AF157}.Debug|Mixed Platforms.ActiveCfg = Debug|Any CPU
		{C5E1AD10-A3DE-42A0-802E-DCDE598AF157}.Debug|Mixed Platforms.Build.0 = Debug|Any CPU
		{C5E1AD10-A3DE-42A0-802E-DCDE598AF157}.Debug|x86.ActiveCfg = Debug|Any CPU
		{C5E1AD10-A3DE-42A0-802E-DCDE598AF157}.Demo|Any CPU.ActiveCfg = Debug|Any CPU
		{C5E1AD10-A3DE-42A0-802E-DCDE598AF157}.Demo|Any CPU.Build.0 = Debug|Any CPU
		{C5E1AD10-A3DE-42A0-802E-DCDE598AF157}.Demo|Mixed Platforms.ActiveCfg = Debug|Any CPU
		{C5E1AD10-A3DE-42A0-802E-DCDE598AF157}.Demo|Mixed Platforms.Build.0 = Debug|Any CPU
		{C5E1AD10-A3DE-42A0-802E-DCDE598AF157}.Demo|x86.ActiveCfg = Debug|Any CPU
		{C5E1AD10-A3DE-42A0-802E-DCDE598AF157}.Development|Any CPU.ActiveCfg = Debug|Any CPU
		{C5E1AD10-A3DE-42A0-802E-DCDE598AF157}.Development|Any CPU.Build.0 = Debug|Any CPU
		{C5E1AD10-A3DE-42A0-802E-DCDE598AF157}.Development|Mixed Platforms.ActiveCfg = Debug|Any CPU
		{C5E1AD10-A3DE-42A0-802E-DCDE598AF157}.Development|Mixed Platforms.Build.0 = Debug|Any CPU
		{C5E1AD10-A3DE-42A0-802E-DCDE598AF157}.Development|x86.ActiveCfg = Debug|Any CPU
		{C5E1AD10-A3DE-42A0-802E-DCDE598AF157}.Release|Any CPU.ActiveCfg = Release|Any CPU
		{C5E1AD10-A3DE-42A0-802E-DCDE598AF157}.Release|Any CPU.Build.0 = Release|Any CPU
		{C5E1AD10-A3DE-42A0-802E-DCDE598AF157}.Release|Mixed Platforms.ActiveCfg = Release|Any CPU
		{C5E1AD10-A3DE-42A0-802E-DCDE598AF157}.Release|Mixed Platforms.Build.0 = Release|Any CPU
		{C5E1AD10-A3DE-42A0-802E-DCDE598AF157}.Release|x86.ActiveCfg = Release|Any CPU
		{768079A3-523C-492B-8822-1655594BA3F7}.BlueHands|Any CPU.ActiveCfg = Release|Any CPU
		{768079A3-523C-492B-8822-1655594BA3F7}.BlueHands|Any CPU.Build.0 = Release|Any CPU
		{768079A3-523C-492B-8822-1655594BA3F7}.BlueHands|Mixed Platforms.ActiveCfg = Release|Any CPU
		{768079A3-523C-492B-8822-1655594BA3F7}.BlueHands|Mixed Platforms.Build.0 = Release|Any CPU
		{768079A3-523C-492B-8822-1655594BA3F7}.BlueHands|x86.ActiveCfg = Release|Any CPU
		{768079A3-523C-492B-8822-1655594BA3F7}.Debug|Any CPU.ActiveCfg = Debug|Any CPU
		{768079A3-523C-492B-8822-1655594BA3F7}.Debug|Any CPU.Build.0 = Debug|Any CPU
		{768079A3-523C-492B-8822-1655594BA3F7}.Debug|Mixed Platforms.ActiveCfg = Debug|Any CPU
		{768079A3-523C-492B-8822-1655594BA3F7}.Debug|Mixed Platforms.Build.0 = Debug|Any CPU
		{768079A3-523C-492B-8822-1655594BA3F7}.Debug|x86.ActiveCfg = Debug|Any CPU
		{768079A3-523C-492B-8822-1655594BA3F7}.Demo|Any CPU.ActiveCfg = Debug|Any CPU
		{768079A3-523C-492B-8822-1655594BA3F7}.Demo|Any CPU.Build.0 = Debug|Any CPU
		{768079A3-523C-492B-8822-1655594BA3F7}.Demo|Mixed Platforms.ActiveCfg = Debug|Any CPU
		{768079A3-523C-492B-8822-1655594BA3F7}.Demo|Mixed Platforms.Build.0 = Debug|Any CPU
		{768079A3-523C-492B-8822-1655594BA3F7}.Demo|x86.ActiveCfg = Debug|Any CPU
		{768079A3-523C-492B-8822-1655594BA3F7}.Development|Any CPU.ActiveCfg = Debug|Any CPU
		{768079A3-523C-492B-8822-1655594BA3F7}.Development|Any CPU.Build.0 = Debug|Any CPU
		{768079A3-523C-492B-8822-1655594BA3F7}.Development|Mixed Platforms.ActiveCfg = Debug|Any CPU
		{768079A3-523C-492B-8822-1655594BA3F7}.Development|Mixed Platforms.Build.0 = Debug|Any CPU
		{768079A3-523C-492B-8822-1655594BA3F7}.Development|x86.ActiveCfg = Debug|Any CPU
		{768079A3-523C-492B-8822-1655594BA3F7}.Release|Any CPU.ActiveCfg = Release|Any CPU
		{768079A3-523C-492B-8822-1655594BA3F7}.Release|Any CPU.Build.0 = Release|Any CPU
		{768079A3-523C-492B-8822-1655594BA3F7}.Release|Mixed Platforms.ActiveCfg = Release|Any CPU
		{768079A3-523C-492B-8822-1655594BA3F7}.Release|Mixed Platforms.Build.0 = Release|Any CPU
		{768079A3-523C-492B-8822-1655594BA3F7}.Release|x86.ActiveCfg = Release|Any CPU
		{E69F11C7-502F-460B-876C-3DC343C9BD78}.BlueHands|Any CPU.ActiveCfg = Release|Any CPU
		{E69F11C7-502F-460B-876C-3DC343C9BD78}.BlueHands|Any CPU.Build.0 = Release|Any CPU
		{E69F11C7-502F-460B-876C-3DC343C9BD78}.BlueHands|Mixed Platforms.ActiveCfg = Release|Any CPU
		{E69F11C7-502F-460B-876C-3DC343C9BD78}.BlueHands|Mixed Platforms.Build.0 = Release|Any CPU
		{E69F11C7-502F-460B-876C-3DC343C9BD78}.BlueHands|x86.ActiveCfg = Release|Any CPU
		{E69F11C7-502F-460B-876C-3DC343C9BD78}.Debug|Any CPU.ActiveCfg = Debug|Any CPU
		{E69F11C7-502F-460B-876C-3DC343C9BD78}.Debug|Any CPU.Build.0 = Debug|Any CPU
		{E69F11C7-502F-460B-876C-3DC343C9BD78}.Debug|Mixed Platforms.ActiveCfg = Debug|Any CPU
		{E69F11C7-502F-460B-876C-3DC343C9BD78}.Debug|Mixed Platforms.Build.0 = Debug|Any CPU
		{E69F11C7-502F-460B-876C-3DC343C9BD78}.Debug|x86.ActiveCfg = Debug|Any CPU
		{E69F11C7-502F-460B-876C-3DC343C9BD78}.Demo|Any CPU.ActiveCfg = Debug|Any CPU
		{E69F11C7-502F-460B-876C-3DC343C9BD78}.Demo|Any CPU.Build.0 = Debug|Any CPU
		{E69F11C7-502F-460B-876C-3DC343C9BD78}.Demo|Mixed Platforms.ActiveCfg = Debug|Any CPU
		{E69F11C7-502F-460B-876C-3DC343C9BD78}.Demo|Mixed Platforms.Build.0 = Debug|Any CPU
		{E69F11C7-502F-460B-876C-3DC343C9BD78}.Demo|x86.ActiveCfg = Debug|Any CPU
		{E69F11C7-502F-460B-876C-3DC343C9BD78}.Development|Any CPU.ActiveCfg = Debug|Any CPU
		{E69F11C7-502F-460B-876C-3DC343C9BD78}.Development|Any CPU.Build.0 = Debug|Any CPU
		{E69F11C7-502F-460B-876C-3DC343C9BD78}.Development|Mixed Platforms.ActiveCfg = Debug|Any CPU
		{E69F11C7-502F-460B-876C-3DC343C9BD78}.Development|Mixed Platforms.Build.0 = Debug|Any CPU
		{E69F11C7-502F-460B-876C-3DC343C9BD78}.Development|x86.ActiveCfg = Debug|Any CPU
		{E69F11C7-502F-460B-876C-3DC343C9BD78}.Release|Any CPU.ActiveCfg = Release|Any CPU
		{E69F11C7-502F-460B-876C-3DC343C9BD78}.Release|Any CPU.Build.0 = Release|Any CPU
		{E69F11C7-502F-460B-876C-3DC343C9BD78}.Release|Mixed Platforms.ActiveCfg = Release|Any CPU
		{E69F11C7-502F-460B-876C-3DC343C9BD78}.Release|Mixed Platforms.Build.0 = Release|Any CPU
		{E69F11C7-502F-460B-876C-3DC343C9BD78}.Release|x86.ActiveCfg = Release|Any CPU
		{D54684F4-5F16-4901-A798-C0D7B7480CA0}.BlueHands|Any CPU.ActiveCfg = BlueHands|Any CPU
		{D54684F4-5F16-4901-A798-C0D7B7480CA0}.BlueHands|Any CPU.Build.0 = BlueHands|Any CPU
		{D54684F4-5F16-4901-A798-C0D7B7480CA0}.BlueHands|Mixed Platforms.ActiveCfg = BlueHands|Any CPU
		{D54684F4-5F16-4901-A798-C0D7B7480CA0}.BlueHands|Mixed Platforms.Build.0 = BlueHands|Any CPU
		{D54684F4-5F16-4901-A798-C0D7B7480CA0}.BlueHands|x86.ActiveCfg = BlueHands|Any CPU
		{D54684F4-5F16-4901-A798-C0D7B7480CA0}.Debug|Any CPU.ActiveCfg = Debug|Any CPU
		{D54684F4-5F16-4901-A798-C0D7B7480CA0}.Debug|Any CPU.Build.0 = Debug|Any CPU
		{D54684F4-5F16-4901-A798-C0D7B7480CA0}.Debug|Mixed Platforms.ActiveCfg = Debug|Any CPU
		{D54684F4-5F16-4901-A798-C0D7B7480CA0}.Debug|Mixed Platforms.Build.0 = Debug|Any CPU
		{D54684F4-5F16-4901-A798-C0D7B7480CA0}.Debug|x86.ActiveCfg = Debug|Any CPU
		{D54684F4-5F16-4901-A798-C0D7B7480CA0}.Demo|Any CPU.ActiveCfg = Demo|Any CPU
		{D54684F4-5F16-4901-A798-C0D7B7480CA0}.Demo|Any CPU.Build.0 = Demo|Any CPU
		{D54684F4-5F16-4901-A798-C0D7B7480CA0}.Demo|Mixed Platforms.ActiveCfg = Demo|Any CPU
		{D54684F4-5F16-4901-A798-C0D7B7480CA0}.Demo|Mixed Platforms.Build.0 = Demo|Any CPU
		{D54684F4-5F16-4901-A798-C0D7B7480CA0}.Demo|x86.ActiveCfg = Demo|Any CPU
		{D54684F4-5F16-4901-A798-C0D7B7480CA0}.Development|Any CPU.ActiveCfg = Development|Any CPU
		{D54684F4-5F16-4901-A798-C0D7B7480CA0}.Development|Any CPU.Build.0 = Development|Any CPU
		{D54684F4-5F16-4901-A798-C0D7B7480CA0}.Development|Mixed Platforms.ActiveCfg = Development|Any CPU
		{D54684F4-5F16-4901-A798-C0D7B7480CA0}.Development|Mixed Platforms.Build.0 = Development|Any CPU
		{D54684F4-5F16-4901-A798-C0D7B7480CA0}.Development|x86.ActiveCfg = Development|Any CPU
		{D54684F4-5F16-4901-A798-C0D7B7480CA0}.Release|Any CPU.ActiveCfg = Release|Any CPU
		{D54684F4-5F16-4901-A798-C0D7B7480CA0}.Release|Any CPU.Build.0 = Release|Any CPU
		{D54684F4-5F16-4901-A798-C0D7B7480CA0}.Release|Mixed Platforms.ActiveCfg = Release|Any CPU
		{D54684F4-5F16-4901-A798-C0D7B7480CA0}.Release|Mixed Platforms.Build.0 = Release|Any CPU
		{D54684F4-5F16-4901-A798-C0D7B7480CA0}.Release|x86.ActiveCfg = Release|Any CPU
		{CF3487A1-EACF-4016-AAA0-A5B30B2CBDCE}.BlueHands|Any CPU.ActiveCfg = Release|Any CPU
		{CF3487A1-EACF-4016-AAA0-A5B30B2CBDCE}.BlueHands|Any CPU.Build.0 = Release|Any CPU
		{CF3487A1-EACF-4016-AAA0-A5B30B2CBDCE}.BlueHands|Mixed Platforms.ActiveCfg = Release|Any CPU
		{CF3487A1-EACF-4016-AAA0-A5B30B2CBDCE}.BlueHands|Mixed Platforms.Build.0 = Release|Any CPU
		{CF3487A1-EACF-4016-AAA0-A5B30B2CBDCE}.BlueHands|x86.ActiveCfg = Release|Any CPU
		{CF3487A1-EACF-4016-AAA0-A5B30B2CBDCE}.Debug|Any CPU.ActiveCfg = Debug|Any CPU
		{CF3487A1-EACF-4016-AAA0-A5B30B2CBDCE}.Debug|Any CPU.Build.0 = Debug|Any CPU
		{CF3487A1-EACF-4016-AAA0-A5B30B2CBDCE}.Debug|Mixed Platforms.ActiveCfg = Debug|Any CPU
		{CF3487A1-EACF-4016-AAA0-A5B30B2CBDCE}.Debug|Mixed Platforms.Build.0 = Debug|Any CPU
		{CF3487A1-EACF-4016-AAA0-A5B30B2CBDCE}.Debug|x86.ActiveCfg = Debug|Any CPU
		{CF3487A1-EACF-4016-AAA0-A5B30B2CBDCE}.Demo|Any CPU.ActiveCfg = Debug|Any CPU
		{CF3487A1-EACF-4016-AAA0-A5B30B2CBDCE}.Demo|Any CPU.Build.0 = Debug|Any CPU
		{CF3487A1-EACF-4016-AAA0-A5B30B2CBDCE}.Demo|Mixed Platforms.ActiveCfg = Debug|Any CPU
		{CF3487A1-EACF-4016-AAA0-A5B30B2CBDCE}.Demo|Mixed Platforms.Build.0 = Debug|Any CPU
		{CF3487A1-EACF-4016-AAA0-A5B30B2CBDCE}.Demo|x86.ActiveCfg = Debug|Any CPU
		{CF3487A1-EACF-4016-AAA0-A5B30B2CBDCE}.Development|Any CPU.ActiveCfg = Debug|Any CPU
		{CF3487A1-EACF-4016-AAA0-A5B30B2CBDCE}.Development|Any CPU.Build.0 = Debug|Any CPU
		{CF3487A1-EACF-4016-AAA0-A5B30B2CBDCE}.Development|Mixed Platforms.ActiveCfg = Debug|Any CPU
		{CF3487A1-EACF-4016-AAA0-A5B30B2CBDCE}.Development|Mixed Platforms.Build.0 = Debug|Any CPU
		{CF3487A1-EACF-4016-AAA0-A5B30B2CBDCE}.Development|x86.ActiveCfg = Debug|Any CPU
		{CF3487A1-EACF-4016-AAA0-A5B30B2CBDCE}.Release|Any CPU.ActiveCfg = Release|Any CPU
		{CF3487A1-EACF-4016-AAA0-A5B30B2CBDCE}.Release|Any CPU.Build.0 = Release|Any CPU
		{CF3487A1-EACF-4016-AAA0-A5B30B2CBDCE}.Release|Mixed Platforms.ActiveCfg = Release|Any CPU
		{CF3487A1-EACF-4016-AAA0-A5B30B2CBDCE}.Release|Mixed Platforms.Build.0 = Release|Any CPU
		{CF3487A1-EACF-4016-AAA0-A5B30B2CBDCE}.Release|x86.ActiveCfg = Release|Any CPU
		{6D454F7B-CA50-4DC2-AAB3-1020DDE6F40D}.BlueHands|Any CPU.ActiveCfg = Release|Any CPU
		{6D454F7B-CA50-4DC2-AAB3-1020DDE6F40D}.BlueHands|Any CPU.Build.0 = Release|Any CPU
		{6D454F7B-CA50-4DC2-AAB3-1020DDE6F40D}.BlueHands|Mixed Platforms.ActiveCfg = Release|Any CPU
		{6D454F7B-CA50-4DC2-AAB3-1020DDE6F40D}.BlueHands|Mixed Platforms.Build.0 = Release|Any CPU
		{6D454F7B-CA50-4DC2-AAB3-1020DDE6F40D}.BlueHands|x86.ActiveCfg = Release|Any CPU
		{6D454F7B-CA50-4DC2-AAB3-1020DDE6F40D}.Debug|Any CPU.ActiveCfg = Debug|Any CPU
		{6D454F7B-CA50-4DC2-AAB3-1020DDE6F40D}.Debug|Any CPU.Build.0 = Debug|Any CPU
		{6D454F7B-CA50-4DC2-AAB3-1020DDE6F40D}.Debug|Mixed Platforms.ActiveCfg = Debug|Any CPU
		{6D454F7B-CA50-4DC2-AAB3-1020DDE6F40D}.Debug|Mixed Platforms.Build.0 = Debug|Any CPU
		{6D454F7B-CA50-4DC2-AAB3-1020DDE6F40D}.Debug|x86.ActiveCfg = Debug|Any CPU
		{6D454F7B-CA50-4DC2-AAB3-1020DDE6F40D}.Demo|Any CPU.ActiveCfg = Debug|Any CPU
		{6D454F7B-CA50-4DC2-AAB3-1020DDE6F40D}.Demo|Any CPU.Build.0 = Debug|Any CPU
		{6D454F7B-CA50-4DC2-AAB3-1020DDE6F40D}.Demo|Mixed Platforms.ActiveCfg = Debug|Any CPU
		{6D454F7B-CA50-4DC2-AAB3-1020DDE6F40D}.Demo|Mixed Platforms.Build.0 = Debug|Any CPU
		{6D454F7B-CA50-4DC2-AAB3-1020DDE6F40D}.Demo|x86.ActiveCfg = Debug|Any CPU
		{6D454F7B-CA50-4DC2-AAB3-1020DDE6F40D}.Development|Any CPU.ActiveCfg = Debug|Any CPU
		{6D454F7B-CA50-4DC2-AAB3-1020DDE6F40D}.Development|Any CPU.Build.0 = Debug|Any CPU
		{6D454F7B-CA50-4DC2-AAB3-1020DDE6F40D}.Development|Mixed Platforms.ActiveCfg = Debug|Any CPU
		{6D454F7B-CA50-4DC2-AAB3-1020DDE6F40D}.Development|Mixed Platforms.Build.0 = Debug|Any CPU
		{6D454F7B-CA50-4DC2-AAB3-1020DDE6F40D}.Development|x86.ActiveCfg = Debug|Any CPU
		{6D454F7B-CA50-4DC2-AAB3-1020DDE6F40D}.Release|Any CPU.ActiveCfg = Release|Any CPU
		{6D454F7B-CA50-4DC2-AAB3-1020DDE6F40D}.Release|Any CPU.Build.0 = Release|Any CPU
		{6D454F7B-CA50-4DC2-AAB3-1020DDE6F40D}.Release|Mixed Platforms.ActiveCfg = Release|Any CPU
		{6D454F7B-CA50-4DC2-AAB3-1020DDE6F40D}.Release|Mixed Platforms.Build.0 = Release|Any CPU
		{6D454F7B-CA50-4DC2-AAB3-1020DDE6F40D}.Release|x86.ActiveCfg = Release|Any CPU
		{8A10E3D6-2C5D-4A72-97EF-5A412663920C}.BlueHands|Any CPU.ActiveCfg = Release|Any CPU
		{8A10E3D6-2C5D-4A72-97EF-5A412663920C}.BlueHands|Any CPU.Build.0 = Release|Any CPU
		{8A10E3D6-2C5D-4A72-97EF-5A412663920C}.BlueHands|Mixed Platforms.ActiveCfg = Release|Any CPU
		{8A10E3D6-2C5D-4A72-97EF-5A412663920C}.BlueHands|Mixed Platforms.Build.0 = Release|Any CPU
		{8A10E3D6-2C5D-4A72-97EF-5A412663920C}.BlueHands|x86.ActiveCfg = Release|Any CPU
		{8A10E3D6-2C5D-4A72-97EF-5A412663920C}.Debug|Any CPU.ActiveCfg = Debug|Any CPU
		{8A10E3D6-2C5D-4A72-97EF-5A412663920C}.Debug|Any CPU.Build.0 = Debug|Any CPU
		{8A10E3D6-2C5D-4A72-97EF-5A412663920C}.Debug|Mixed Platforms.ActiveCfg = Debug|Any CPU
		{8A10E3D6-2C5D-4A72-97EF-5A412663920C}.Debug|Mixed Platforms.Build.0 = Debug|Any CPU
		{8A10E3D6-2C5D-4A72-97EF-5A412663920C}.Debug|x86.ActiveCfg = Debug|Any CPU
		{8A10E3D6-2C5D-4A72-97EF-5A412663920C}.Demo|Any CPU.ActiveCfg = Debug|Any CPU
		{8A10E3D6-2C5D-4A72-97EF-5A412663920C}.Demo|Any CPU.Build.0 = Debug|Any CPU
		{8A10E3D6-2C5D-4A72-97EF-5A412663920C}.Demo|Mixed Platforms.ActiveCfg = Debug|Any CPU
		{8A10E3D6-2C5D-4A72-97EF-5A412663920C}.Demo|Mixed Platforms.Build.0 = Debug|Any CPU
		{8A10E3D6-2C5D-4A72-97EF-5A412663920C}.Demo|x86.ActiveCfg = Debug|Any CPU
		{8A10E3D6-2C5D-4A72-97EF-5A412663920C}.Development|Any CPU.ActiveCfg = Debug|Any CPU
		{8A10E3D6-2C5D-4A72-97EF-5A412663920C}.Development|Any CPU.Build.0 = Debug|Any CPU
		{8A10E3D6-2C5D-4A72-97EF-5A412663920C}.Development|Mixed Platforms.ActiveCfg = Debug|Any CPU
		{8A10E3D6-2C5D-4A72-97EF-5A412663920C}.Development|Mixed Platforms.Build.0 = Debug|Any CPU
		{8A10E3D6-2C5D-4A72-97EF-5A412663920C}.Development|x86.ActiveCfg = Debug|Any CPU
		{8A10E3D6-2C5D-4A72-97EF-5A412663920C}.Release|Any CPU.ActiveCfg = Release|Any CPU
		{8A10E3D6-2C5D-4A72-97EF-5A412663920C}.Release|Any CPU.Build.0 = Release|Any CPU
		{8A10E3D6-2C5D-4A72-97EF-5A412663920C}.Release|Mixed Platforms.ActiveCfg = Release|Any CPU
		{8A10E3D6-2C5D-4A72-97EF-5A412663920C}.Release|Mixed Platforms.Build.0 = Release|Any CPU
		{8A10E3D6-2C5D-4A72-97EF-5A412663920C}.Release|x86.ActiveCfg = Release|Any CPU
		{E53548FE-1D9D-4A99-8FC0-F02B661D964F}.BlueHands|Any CPU.ActiveCfg = Release|Any CPU
		{E53548FE-1D9D-4A99-8FC0-F02B661D964F}.BlueHands|Any CPU.Build.0 = Release|Any CPU
		{E53548FE-1D9D-4A99-8FC0-F02B661D964F}.BlueHands|Mixed Platforms.ActiveCfg = Release|Any CPU
		{E53548FE-1D9D-4A99-8FC0-F02B661D964F}.BlueHands|Mixed Platforms.Build.0 = Release|Any CPU
		{E53548FE-1D9D-4A99-8FC0-F02B661D964F}.BlueHands|x86.ActiveCfg = Release|Any CPU
		{E53548FE-1D9D-4A99-8FC0-F02B661D964F}.Debug|Any CPU.ActiveCfg = Debug|Any CPU
		{E53548FE-1D9D-4A99-8FC0-F02B661D964F}.Debug|Any CPU.Build.0 = Debug|Any CPU
		{E53548FE-1D9D-4A99-8FC0-F02B661D964F}.Debug|Mixed Platforms.ActiveCfg = Debug|Any CPU
		{E53548FE-1D9D-4A99-8FC0-F02B661D964F}.Debug|Mixed Platforms.Build.0 = Debug|Any CPU
		{E53548FE-1D9D-4A99-8FC0-F02B661D964F}.Debug|x86.ActiveCfg = Debug|Any CPU
		{E53548FE-1D9D-4A99-8FC0-F02B661D964F}.Demo|Any CPU.ActiveCfg = Debug|Any CPU
		{E53548FE-1D9D-4A99-8FC0-F02B661D964F}.Demo|Any CPU.Build.0 = Debug|Any CPU
		{E53548FE-1D9D-4A99-8FC0-F02B661D964F}.Demo|Mixed Platforms.ActiveCfg = Debug|Any CPU
		{E53548FE-1D9D-4A99-8FC0-F02B661D964F}.Demo|Mixed Platforms.Build.0 = Debug|Any CPU
		{E53548FE-1D9D-4A99-8FC0-F02B661D964F}.Demo|x86.ActiveCfg = Debug|Any CPU
		{E53548FE-1D9D-4A99-8FC0-F02B661D964F}.Development|Any CPU.ActiveCfg = Debug|Any CPU
		{E53548FE-1D9D-4A99-8FC0-F02B661D964F}.Development|Any CPU.Build.0 = Debug|Any CPU
		{E53548FE-1D9D-4A99-8FC0-F02B661D964F}.Development|Mixed Platforms.ActiveCfg = Debug|Any CPU
		{E53548FE-1D9D-4A99-8FC0-F02B661D964F}.Development|Mixed Platforms.Build.0 = Debug|Any CPU
		{E53548FE-1D9D-4A99-8FC0-F02B661D964F}.Development|x86.ActiveCfg = Debug|Any CPU
		{E53548FE-1D9D-4A99-8FC0-F02B661D964F}.Release|Any CPU.ActiveCfg = Release|Any CPU
		{E53548FE-1D9D-4A99-8FC0-F02B661D964F}.Release|Any CPU.Build.0 = Release|Any CPU
		{E53548FE-1D9D-4A99-8FC0-F02B661D964F}.Release|Mixed Platforms.ActiveCfg = Release|Any CPU
		{E53548FE-1D9D-4A99-8FC0-F02B661D964F}.Release|Mixed Platforms.Build.0 = Release|Any CPU
		{E53548FE-1D9D-4A99-8FC0-F02B661D964F}.Release|x86.ActiveCfg = Release|Any CPU
		{3B25263B-F663-4D64-97EF-51C6DEBDF9A6}.BlueHands|Any CPU.ActiveCfg = Release|Any CPU
		{3B25263B-F663-4D64-97EF-51C6DEBDF9A6}.BlueHands|Any CPU.Build.0 = Release|Any CPU
		{3B25263B-F663-4D64-97EF-51C6DEBDF9A6}.BlueHands|Mixed Platforms.ActiveCfg = Release|Any CPU
		{3B25263B-F663-4D64-97EF-51C6DEBDF9A6}.BlueHands|Mixed Platforms.Build.0 = Release|Any CPU
		{3B25263B-F663-4D64-97EF-51C6DEBDF9A6}.BlueHands|x86.ActiveCfg = Release|Any CPU
		{3B25263B-F663-4D64-97EF-51C6DEBDF9A6}.Debug|Any CPU.ActiveCfg = Debug|Any CPU
		{3B25263B-F663-4D64-97EF-51C6DEBDF9A6}.Debug|Any CPU.Build.0 = Debug|Any CPU
		{3B25263B-F663-4D64-97EF-51C6DEBDF9A6}.Debug|Mixed Platforms.ActiveCfg = Debug|Any CPU
		{3B25263B-F663-4D64-97EF-51C6DEBDF9A6}.Debug|Mixed Platforms.Build.0 = Debug|Any CPU
		{3B25263B-F663-4D64-97EF-51C6DEBDF9A6}.Debug|x86.ActiveCfg = Debug|Any CPU
		{3B25263B-F663-4D64-97EF-51C6DEBDF9A6}.Demo|Any CPU.ActiveCfg = Debug|Any CPU
		{3B25263B-F663-4D64-97EF-51C6DEBDF9A6}.Demo|Any CPU.Build.0 = Debug|Any CPU
		{3B25263B-F663-4D64-97EF-51C6DEBDF9A6}.Demo|Mixed Platforms.ActiveCfg = Debug|Any CPU
		{3B25263B-F663-4D64-97EF-51C6DEBDF9A6}.Demo|Mixed Platforms.Build.0 = Debug|Any CPU
		{3B25263B-F663-4D64-97EF-51C6DEBDF9A6}.Demo|x86.ActiveCfg = Debug|Any CPU
		{3B25263B-F663-4D64-97EF-51C6DEBDF9A6}.Development|Any CPU.ActiveCfg = Debug|Any CPU
		{3B25263B-F663-4D64-97EF-51C6DEBDF9A6}.Development|Any CPU.Build.0 = Debug|Any CPU
		{3B25263B-F663-4D64-97EF-51C6DEBDF9A6}.Development|Mixed Platforms.ActiveCfg = Debug|Any CPU
		{3B25263B-F663-4D64-97EF-51C6DEBDF9A6}.Development|Mixed Platforms.Build.0 = Debug|Any CPU
		{3B25263B-F663-4D64-97EF-51C6DEBDF9A6}.Development|x86.ActiveCfg = Debug|Any CPU
		{3B25263B-F663-4D64-97EF-51C6DEBDF9A6}.Release|Any CPU.ActiveCfg = Release|Any CPU
		{3B25263B-F663-4D64-97EF-51C6DEBDF9A6}.Release|Any CPU.Build.0 = Release|Any CPU
		{3B25263B-F663-4D64-97EF-51C6DEBDF9A6}.Release|Mixed Platforms.ActiveCfg = Release|Any CPU
		{3B25263B-F663-4D64-97EF-51C6DEBDF9A6}.Release|Mixed Platforms.Build.0 = Release|Any CPU
		{3B25263B-F663-4D64-97EF-51C6DEBDF9A6}.Release|x86.ActiveCfg = Release|Any CPU
		{09EEC281-90AC-4BA4-BCBC-6A636EA04A21}.BlueHands|Any CPU.ActiveCfg = Release|Any CPU
		{09EEC281-90AC-4BA4-BCBC-6A636EA04A21}.BlueHands|Any CPU.Build.0 = Release|Any CPU
		{09EEC281-90AC-4BA4-BCBC-6A636EA04A21}.BlueHands|Mixed Platforms.ActiveCfg = Release|Any CPU
		{09EEC281-90AC-4BA4-BCBC-6A636EA04A21}.BlueHands|Mixed Platforms.Build.0 = Release|Any CPU
		{09EEC281-90AC-4BA4-BCBC-6A636EA04A21}.BlueHands|x86.ActiveCfg = Release|Any CPU
		{09EEC281-90AC-4BA4-BCBC-6A636EA04A21}.Debug|Any CPU.ActiveCfg = Debug|Any CPU
		{09EEC281-90AC-4BA4-BCBC-6A636EA04A21}.Debug|Any CPU.Build.0 = Debug|Any CPU
		{09EEC281-90AC-4BA4-BCBC-6A636EA04A21}.Debug|Mixed Platforms.ActiveCfg = Debug|Any CPU
		{09EEC281-90AC-4BA4-BCBC-6A636EA04A21}.Debug|Mixed Platforms.Build.0 = Debug|Any CPU
		{09EEC281-90AC-4BA4-BCBC-6A636EA04A21}.Debug|x86.ActiveCfg = Debug|Any CPU
		{09EEC281-90AC-4BA4-BCBC-6A636EA04A21}.Demo|Any CPU.ActiveCfg = Debug|Any CPU
		{09EEC281-90AC-4BA4-BCBC-6A636EA04A21}.Demo|Any CPU.Build.0 = Debug|Any CPU
		{09EEC281-90AC-4BA4-BCBC-6A636EA04A21}.Demo|Mixed Platforms.ActiveCfg = Debug|Any CPU
		{09EEC281-90AC-4BA4-BCBC-6A636EA04A21}.Demo|Mixed Platforms.Build.0 = Debug|Any CPU
		{09EEC281-90AC-4BA4-BCBC-6A636EA04A21}.Demo|x86.ActiveCfg = Debug|Any CPU
		{09EEC281-90AC-4BA4-BCBC-6A636EA04A21}.Development|Any CPU.ActiveCfg = Debug|Any CPU
		{09EEC281-90AC-4BA4-BCBC-6A636EA04A21}.Development|Any CPU.Build.0 = Debug|Any CPU
		{09EEC281-90AC-4BA4-BCBC-6A636EA04A21}.Development|Mixed Platforms.ActiveCfg = Debug|Any CPU
		{09EEC281-90AC-4BA4-BCBC-6A636EA04A21}.Development|Mixed Platforms.Build.0 = Debug|Any CPU
		{09EEC281-90AC-4BA4-BCBC-6A636EA04A21}.Development|x86.ActiveCfg = Debug|Any CPU
		{09EEC281-90AC-4BA4-BCBC-6A636EA04A21}.Release|Any CPU.ActiveCfg = Release|Any CPU
		{09EEC281-90AC-4BA4-BCBC-6A636EA04A21}.Release|Any CPU.Build.0 = Release|Any CPU
		{09EEC281-90AC-4BA4-BCBC-6A636EA04A21}.Release|Mixed Platforms.ActiveCfg = Release|Any CPU
		{09EEC281-90AC-4BA4-BCBC-6A636EA04A21}.Release|Mixed Platforms.Build.0 = Release|Any CPU
		{09EEC281-90AC-4BA4-BCBC-6A636EA04A21}.Release|x86.ActiveCfg = Release|Any CPU
		{1ADAC8C9-5FA3-4B65-8C57-F2A8F4EE20C4}.BlueHands|Any CPU.ActiveCfg = Release|Any CPU
		{1ADAC8C9-5FA3-4B65-8C57-F2A8F4EE20C4}.BlueHands|Any CPU.Build.0 = Release|Any CPU
		{1ADAC8C9-5FA3-4B65-8C57-F2A8F4EE20C4}.BlueHands|Mixed Platforms.ActiveCfg = Release|Any CPU
		{1ADAC8C9-5FA3-4B65-8C57-F2A8F4EE20C4}.BlueHands|Mixed Platforms.Build.0 = Release|Any CPU
		{1ADAC8C9-5FA3-4B65-8C57-F2A8F4EE20C4}.BlueHands|x86.ActiveCfg = Release|Any CPU
		{1ADAC8C9-5FA3-4B65-8C57-F2A8F4EE20C4}.Debug|Any CPU.ActiveCfg = Debug|Any CPU
		{1ADAC8C9-5FA3-4B65-8C57-F2A8F4EE20C4}.Debug|Any CPU.Build.0 = Debug|Any CPU
		{1ADAC8C9-5FA3-4B65-8C57-F2A8F4EE20C4}.Debug|Mixed Platforms.ActiveCfg = Debug|Any CPU
		{1ADAC8C9-5FA3-4B65-8C57-F2A8F4EE20C4}.Debug|Mixed Platforms.Build.0 = Debug|Any CPU
		{1ADAC8C9-5FA3-4B65-8C57-F2A8F4EE20C4}.Debug|x86.ActiveCfg = Debug|Any CPU
		{1ADAC8C9-5FA3-4B65-8C57-F2A8F4EE20C4}.Demo|Any CPU.ActiveCfg = Debug|Any CPU
		{1ADAC8C9-5FA3-4B65-8C57-F2A8F4EE20C4}.Demo|Any CPU.Build.0 = Debug|Any CPU
		{1ADAC8C9-5FA3-4B65-8C57-F2A8F4EE20C4}.Demo|Mixed Platforms.ActiveCfg = Debug|Any CPU
		{1ADAC8C9-5FA3-4B65-8C57-F2A8F4EE20C4}.Demo|Mixed Platforms.Build.0 = Debug|Any CPU
		{1ADAC8C9-5FA3-4B65-8C57-F2A8F4EE20C4}.Demo|x86.ActiveCfg = Debug|Any CPU
		{1ADAC8C9-5FA3-4B65-8C57-F2A8F4EE20C4}.Development|Any CPU.ActiveCfg = Debug|Any CPU
		{1ADAC8C9-5FA3-4B65-8C57-F2A8F4EE20C4}.Development|Any CPU.Build.0 = Debug|Any CPU
		{1ADAC8C9-5FA3-4B65-8C57-F2A8F4EE20C4}.Development|Mixed Platforms.ActiveCfg = Debug|Any CPU
		{1ADAC8C9-5FA3-4B65-8C57-F2A8F4EE20C4}.Development|Mixed Platforms.Build.0 = Debug|Any CPU
		{1ADAC8C9-5FA3-4B65-8C57-F2A8F4EE20C4}.Development|x86.ActiveCfg = Debug|Any CPU
		{1ADAC8C9-5FA3-4B65-8C57-F2A8F4EE20C4}.Release|Any CPU.ActiveCfg = Release|Any CPU
		{1ADAC8C9-5FA3-4B65-8C57-F2A8F4EE20C4}.Release|Any CPU.Build.0 = Release|Any CPU
		{1ADAC8C9-5FA3-4B65-8C57-F2A8F4EE20C4}.Release|Mixed Platforms.ActiveCfg = Release|Any CPU
		{1ADAC8C9-5FA3-4B65-8C57-F2A8F4EE20C4}.Release|Mixed Platforms.Build.0 = Release|Any CPU
		{1ADAC8C9-5FA3-4B65-8C57-F2A8F4EE20C4}.Release|x86.ActiveCfg = Release|Any CPU
		{02CFDF67-9CA4-4014-8E56-F48546439336}.BlueHands|Any CPU.ActiveCfg = Release|Any CPU
		{02CFDF67-9CA4-4014-8E56-F48546439336}.BlueHands|Any CPU.Build.0 = Release|Any CPU
		{02CFDF67-9CA4-4014-8E56-F48546439336}.BlueHands|Mixed Platforms.ActiveCfg = Release|Any CPU
		{02CFDF67-9CA4-4014-8E56-F48546439336}.BlueHands|Mixed Platforms.Build.0 = Release|Any CPU
		{02CFDF67-9CA4-4014-8E56-F48546439336}.BlueHands|x86.ActiveCfg = Release|Any CPU
		{02CFDF67-9CA4-4014-8E56-F48546439336}.Debug|Any CPU.ActiveCfg = Debug|Any CPU
		{02CFDF67-9CA4-4014-8E56-F48546439336}.Debug|Any CPU.Build.0 = Debug|Any CPU
		{02CFDF67-9CA4-4014-8E56-F48546439336}.Debug|Mixed Platforms.ActiveCfg = Debug|Any CPU
		{02CFDF67-9CA4-4014-8E56-F48546439336}.Debug|Mixed Platforms.Build.0 = Debug|Any CPU
		{02CFDF67-9CA4-4014-8E56-F48546439336}.Debug|x86.ActiveCfg = Debug|Any CPU
		{02CFDF67-9CA4-4014-8E56-F48546439336}.Demo|Any CPU.ActiveCfg = Debug|Any CPU
		{02CFDF67-9CA4-4014-8E56-F48546439336}.Demo|Any CPU.Build.0 = Debug|Any CPU
		{02CFDF67-9CA4-4014-8E56-F48546439336}.Demo|Mixed Platforms.ActiveCfg = Debug|Any CPU
		{02CFDF67-9CA4-4014-8E56-F48546439336}.Demo|Mixed Platforms.Build.0 = Debug|Any CPU
		{02CFDF67-9CA4-4014-8E56-F48546439336}.Demo|x86.ActiveCfg = Debug|Any CPU
		{02CFDF67-9CA4-4014-8E56-F48546439336}.Development|Any CPU.ActiveCfg = Debug|Any CPU
		{02CFDF67-9CA4-4014-8E56-F48546439336}.Development|Any CPU.Build.0 = Debug|Any CPU
		{02CFDF67-9CA4-4014-8E56-F48546439336}.Development|Mixed Platforms.ActiveCfg = Debug|Any CPU
		{02CFDF67-9CA4-4014-8E56-F48546439336}.Development|Mixed Platforms.Build.0 = Debug|Any CPU
		{02CFDF67-9CA4-4014-8E56-F48546439336}.Development|x86.ActiveCfg = Debug|Any CPU
		{02CFDF67-9CA4-4014-8E56-F48546439336}.Release|Any CPU.ActiveCfg = Release|Any CPU
		{02CFDF67-9CA4-4014-8E56-F48546439336}.Release|Any CPU.Build.0 = Release|Any CPU
		{02CFDF67-9CA4-4014-8E56-F48546439336}.Release|Mixed Platforms.ActiveCfg = Release|Any CPU
		{02CFDF67-9CA4-4014-8E56-F48546439336}.Release|Mixed Platforms.Build.0 = Release|Any CPU
		{02CFDF67-9CA4-4014-8E56-F48546439336}.Release|x86.ActiveCfg = Release|Any CPU
		{E9CCF902-5E1C-48DA-A764-988D59032232}.BlueHands|Any CPU.ActiveCfg = Release|Any CPU
		{E9CCF902-5E1C-48DA-A764-988D59032232}.BlueHands|Any CPU.Build.0 = Release|Any CPU
		{E9CCF902-5E1C-48DA-A764-988D59032232}.BlueHands|Mixed Platforms.ActiveCfg = Release|Any CPU
		{E9CCF902-5E1C-48DA-A764-988D59032232}.BlueHands|Mixed Platforms.Build.0 = Release|Any CPU
		{E9CCF902-5E1C-48DA-A764-988D59032232}.BlueHands|x86.ActiveCfg = Release|Any CPU
		{E9CCF902-5E1C-48DA-A764-988D59032232}.Debug|Any CPU.ActiveCfg = Debug|Any CPU
		{E9CCF902-5E1C-48DA-A764-988D59032232}.Debug|Any CPU.Build.0 = Debug|Any CPU
		{E9CCF902-5E1C-48DA-A764-988D59032232}.Debug|Mixed Platforms.ActiveCfg = Debug|Any CPU
		{E9CCF902-5E1C-48DA-A764-988D59032232}.Debug|Mixed Platforms.Build.0 = Debug|Any CPU
		{E9CCF902-5E1C-48DA-A764-988D59032232}.Debug|x86.ActiveCfg = Debug|Any CPU
		{E9CCF902-5E1C-48DA-A764-988D59032232}.Demo|Any CPU.ActiveCfg = Debug|Any CPU
		{E9CCF902-5E1C-48DA-A764-988D59032232}.Demo|Any CPU.Build.0 = Debug|Any CPU
		{E9CCF902-5E1C-48DA-A764-988D59032232}.Demo|Mixed Platforms.ActiveCfg = Debug|Any CPU
		{E9CCF902-5E1C-48DA-A764-988D59032232}.Demo|Mixed Platforms.Build.0 = Debug|Any CPU
		{E9CCF902-5E1C-48DA-A764-988D59032232}.Demo|x86.ActiveCfg = Debug|Any CPU
		{E9CCF902-5E1C-48DA-A764-988D59032232}.Development|Any CPU.ActiveCfg = Debug|Any CPU
		{E9CCF902-5E1C-48DA-A764-988D59032232}.Development|Any CPU.Build.0 = Debug|Any CPU
		{E9CCF902-5E1C-48DA-A764-988D59032232}.Development|Mixed Platforms.ActiveCfg = Debug|Any CPU
		{E9CCF902-5E1C-48DA-A764-988D59032232}.Development|Mixed Platforms.Build.0 = Debug|Any CPU
		{E9CCF902-5E1C-48DA-A764-988D59032232}.Development|x86.ActiveCfg = Debug|Any CPU
		{E9CCF902-5E1C-48DA-A764-988D59032232}.Release|Any CPU.ActiveCfg = Release|Any CPU
		{E9CCF902-5E1C-48DA-A764-988D59032232}.Release|Any CPU.Build.0 = Release|Any CPU
		{E9CCF902-5E1C-48DA-A764-988D59032232}.Release|Mixed Platforms.ActiveCfg = Release|Any CPU
		{E9CCF902-5E1C-48DA-A764-988D59032232}.Release|Mixed Platforms.Build.0 = Release|Any CPU
		{E9CCF902-5E1C-48DA-A764-988D59032232}.Release|x86.ActiveCfg = Release|Any CPU
		{0A91366D-AB6D-4144-904D-B19DC7D366AA}.BlueHands|Any CPU.ActiveCfg = Release|Any CPU
		{0A91366D-AB6D-4144-904D-B19DC7D366AA}.BlueHands|Any CPU.Build.0 = Release|Any CPU
		{0A91366D-AB6D-4144-904D-B19DC7D366AA}.BlueHands|Mixed Platforms.ActiveCfg = Release|Any CPU
		{0A91366D-AB6D-4144-904D-B19DC7D366AA}.BlueHands|Mixed Platforms.Build.0 = Release|Any CPU
		{0A91366D-AB6D-4144-904D-B19DC7D366AA}.BlueHands|x86.ActiveCfg = Release|Any CPU
		{0A91366D-AB6D-4144-904D-B19DC7D366AA}.Debug|Any CPU.ActiveCfg = Debug|Any CPU
		{0A91366D-AB6D-4144-904D-B19DC7D366AA}.Debug|Any CPU.Build.0 = Debug|Any CPU
		{0A91366D-AB6D-4144-904D-B19DC7D366AA}.Debug|Mixed Platforms.ActiveCfg = Debug|Any CPU
		{0A91366D-AB6D-4144-904D-B19DC7D366AA}.Debug|Mixed Platforms.Build.0 = Debug|Any CPU
		{0A91366D-AB6D-4144-904D-B19DC7D366AA}.Debug|x86.ActiveCfg = Debug|Any CPU
		{0A91366D-AB6D-4144-904D-B19DC7D366AA}.Demo|Any CPU.ActiveCfg = Debug|Any CPU
		{0A91366D-AB6D-4144-904D-B19DC7D366AA}.Demo|Any CPU.Build.0 = Debug|Any CPU
		{0A91366D-AB6D-4144-904D-B19DC7D366AA}.Demo|Mixed Platforms.ActiveCfg = Debug|Any CPU
		{0A91366D-AB6D-4144-904D-B19DC7D366AA}.Demo|Mixed Platforms.Build.0 = Debug|Any CPU
		{0A91366D-AB6D-4144-904D-B19DC7D366AA}.Demo|x86.ActiveCfg = Debug|Any CPU
		{0A91366D-AB6D-4144-904D-B19DC7D366AA}.Development|Any CPU.ActiveCfg = Debug|Any CPU
		{0A91366D-AB6D-4144-904D-B19DC7D366AA}.Development|Any CPU.Build.0 = Debug|Any CPU
		{0A91366D-AB6D-4144-904D-B19DC7D366AA}.Development|Mixed Platforms.ActiveCfg = Debug|Any CPU
		{0A91366D-AB6D-4144-904D-B19DC7D366AA}.Development|Mixed Platforms.Build.0 = Debug|Any CPU
		{0A91366D-AB6D-4144-904D-B19DC7D366AA}.Development|x86.ActiveCfg = Debug|Any CPU
		{0A91366D-AB6D-4144-904D-B19DC7D366AA}.Release|Any CPU.ActiveCfg = Release|Any CPU
		{0A91366D-AB6D-4144-904D-B19DC7D366AA}.Release|Any CPU.Build.0 = Release|Any CPU
		{0A91366D-AB6D-4144-904D-B19DC7D366AA}.Release|Mixed Platforms.ActiveCfg = Release|Any CPU
		{0A91366D-AB6D-4144-904D-B19DC7D366AA}.Release|Mixed Platforms.Build.0 = Release|Any CPU
		{0A91366D-AB6D-4144-904D-B19DC7D366AA}.Release|x86.ActiveCfg = Release|Any CPU
		{155AAE90-2B46-4FC2-B5C3-CD689ECB85E8}.BlueHands|Any CPU.ActiveCfg = Release|Any CPU
		{155AAE90-2B46-4FC2-B5C3-CD689ECB85E8}.BlueHands|Any CPU.Build.0 = Release|Any CPU
		{155AAE90-2B46-4FC2-B5C3-CD689ECB85E8}.BlueHands|Mixed Platforms.ActiveCfg = Release|Any CPU
		{155AAE90-2B46-4FC2-B5C3-CD689ECB85E8}.BlueHands|Mixed Platforms.Build.0 = Release|Any CPU
		{155AAE90-2B46-4FC2-B5C3-CD689ECB85E8}.BlueHands|x86.ActiveCfg = Release|Any CPU
		{155AAE90-2B46-4FC2-B5C3-CD689ECB85E8}.Debug|Any CPU.ActiveCfg = Debug|Any CPU
		{155AAE90-2B46-4FC2-B5C3-CD689ECB85E8}.Debug|Any CPU.Build.0 = Debug|Any CPU
		{155AAE90-2B46-4FC2-B5C3-CD689ECB85E8}.Debug|Mixed Platforms.ActiveCfg = Debug|Any CPU
		{155AAE90-2B46-4FC2-B5C3-CD689ECB85E8}.Debug|Mixed Platforms.Build.0 = Debug|Any CPU
		{155AAE90-2B46-4FC2-B5C3-CD689ECB85E8}.Debug|x86.ActiveCfg = Debug|Any CPU
		{155AAE90-2B46-4FC2-B5C3-CD689ECB85E8}.Demo|Any CPU.ActiveCfg = Debug|Any CPU
		{155AAE90-2B46-4FC2-B5C3-CD689ECB85E8}.Demo|Any CPU.Build.0 = Debug|Any CPU
		{155AAE90-2B46-4FC2-B5C3-CD689ECB85E8}.Demo|Mixed Platforms.ActiveCfg = Debug|Any CPU
		{155AAE90-2B46-4FC2-B5C3-CD689ECB85E8}.Demo|Mixed Platforms.Build.0 = Debug|Any CPU
		{155AAE90-2B46-4FC2-B5C3-CD689ECB85E8}.Demo|x86.ActiveCfg = Debug|Any CPU
		{155AAE90-2B46-4FC2-B5C3-CD689ECB85E8}.Development|Any CPU.ActiveCfg = Debug|Any CPU
		{155AAE90-2B46-4FC2-B5C3-CD689ECB85E8}.Development|Any CPU.Build.0 = Debug|Any CPU
		{155AAE90-2B46-4FC2-B5C3-CD689ECB85E8}.Development|Mixed Platforms.ActiveCfg = Debug|Any CPU
		{155AAE90-2B46-4FC2-B5C3-CD689ECB85E8}.Development|Mixed Platforms.Build.0 = Debug|Any CPU
		{155AAE90-2B46-4FC2-B5C3-CD689ECB85E8}.Development|x86.ActiveCfg = Debug|Any CPU
		{155AAE90-2B46-4FC2-B5C3-CD689ECB85E8}.Release|Any CPU.ActiveCfg = Release|Any CPU
		{155AAE90-2B46-4FC2-B5C3-CD689ECB85E8}.Release|Any CPU.Build.0 = Release|Any CPU
		{155AAE90-2B46-4FC2-B5C3-CD689ECB85E8}.Release|Mixed Platforms.ActiveCfg = Release|Any CPU
		{155AAE90-2B46-4FC2-B5C3-CD689ECB85E8}.Release|Mixed Platforms.Build.0 = Release|Any CPU
		{155AAE90-2B46-4FC2-B5C3-CD689ECB85E8}.Release|x86.ActiveCfg = Release|Any CPU
		{FBD3063D-3AB5-435D-A3A4-F3D2A3CB4275}.BlueHands|Any CPU.ActiveCfg = Release|Any CPU
		{FBD3063D-3AB5-435D-A3A4-F3D2A3CB4275}.BlueHands|Any CPU.Build.0 = Release|Any CPU
		{FBD3063D-3AB5-435D-A3A4-F3D2A3CB4275}.BlueHands|Mixed Platforms.ActiveCfg = Release|Any CPU
		{FBD3063D-3AB5-435D-A3A4-F3D2A3CB4275}.BlueHands|Mixed Platforms.Build.0 = Release|Any CPU
		{FBD3063D-3AB5-435D-A3A4-F3D2A3CB4275}.BlueHands|x86.ActiveCfg = Release|Any CPU
		{FBD3063D-3AB5-435D-A3A4-F3D2A3CB4275}.Debug|Any CPU.ActiveCfg = Debug|Any CPU
		{FBD3063D-3AB5-435D-A3A4-F3D2A3CB4275}.Debug|Any CPU.Build.0 = Debug|Any CPU
		{FBD3063D-3AB5-435D-A3A4-F3D2A3CB4275}.Debug|Mixed Platforms.ActiveCfg = Debug|Any CPU
		{FBD3063D-3AB5-435D-A3A4-F3D2A3CB4275}.Debug|Mixed Platforms.Build.0 = Debug|Any CPU
		{FBD3063D-3AB5-435D-A3A4-F3D2A3CB4275}.Debug|x86.ActiveCfg = Debug|Any CPU
		{FBD3063D-3AB5-435D-A3A4-F3D2A3CB4275}.Demo|Any CPU.ActiveCfg = Debug|Any CPU
		{FBD3063D-3AB5-435D-A3A4-F3D2A3CB4275}.Demo|Any CPU.Build.0 = Debug|Any CPU
		{FBD3063D-3AB5-435D-A3A4-F3D2A3CB4275}.Demo|Mixed Platforms.ActiveCfg = Debug|Any CPU
		{FBD3063D-3AB5-435D-A3A4-F3D2A3CB4275}.Demo|Mixed Platforms.Build.0 = Debug|Any CPU
		{FBD3063D-3AB5-435D-A3A4-F3D2A3CB4275}.Demo|x86.ActiveCfg = Debug|Any CPU
		{FBD3063D-3AB5-435D-A3A4-F3D2A3CB4275}.Development|Any CPU.ActiveCfg = Debug|Any CPU
		{FBD3063D-3AB5-435D-A3A4-F3D2A3CB4275}.Development|Any CPU.Build.0 = Debug|Any CPU
		{FBD3063D-3AB5-435D-A3A4-F3D2A3CB4275}.Development|Mixed Platforms.ActiveCfg = Debug|Any CPU
		{FBD3063D-3AB5-435D-A3A4-F3D2A3CB4275}.Development|Mixed Platforms.Build.0 = Debug|Any CPU
		{FBD3063D-3AB5-435D-A3A4-F3D2A3CB4275}.Development|x86.ActiveCfg = Debug|Any CPU
		{FBD3063D-3AB5-435D-A3A4-F3D2A3CB4275}.Release|Any CPU.ActiveCfg = Release|Any CPU
		{FBD3063D-3AB5-435D-A3A4-F3D2A3CB4275}.Release|Any CPU.Build.0 = Release|Any CPU
		{FBD3063D-3AB5-435D-A3A4-F3D2A3CB4275}.Release|Mixed Platforms.ActiveCfg = Release|Any CPU
		{FBD3063D-3AB5-435D-A3A4-F3D2A3CB4275}.Release|Mixed Platforms.Build.0 = Release|Any CPU
		{FBD3063D-3AB5-435D-A3A4-F3D2A3CB4275}.Release|x86.ActiveCfg = Release|Any CPU
	EndGlobalSection
	GlobalSection(SolutionProperties) = preSolution
		HideSolutionNode = FALSE
	EndGlobalSection
	GlobalSection(NestedProjects) = preSolution
		{70B368D6-BAA3-4A1C-98E5-45370195635B} = {B9C83384-A305-4879-AEEF-3C3E7A8E8D90}
		{C5E1AD10-A3DE-42A0-802E-DCDE598AF157} = {B9C83384-A305-4879-AEEF-3C3E7A8E8D90}
		{768079A3-523C-492B-8822-1655594BA3F7} = {B9C83384-A305-4879-AEEF-3C3E7A8E8D90}
		{E69F11C7-502F-460B-876C-3DC343C9BD78} = {B9C83384-A305-4879-AEEF-3C3E7A8E8D90}
		{D54684F4-5F16-4901-A798-C0D7B7480CA0} = {B9C83384-A305-4879-AEEF-3C3E7A8E8D90}
		{CF3487A1-EACF-4016-AAA0-A5B30B2CBDCE} = {B9C83384-A305-4879-AEEF-3C3E7A8E8D90}
		{6D454F7B-CA50-4DC2-AAB3-1020DDE6F40D} = {B9C83384-A305-4879-AEEF-3C3E7A8E8D90}
		{8A10E3D6-2C5D-4A72-97EF-5A412663920C} = {B9C83384-A305-4879-AEEF-3C3E7A8E8D90}
		{E53548FE-1D9D-4A99-8FC0-F02B661D964F} = {B9C83384-A305-4879-AEEF-3C3E7A8E8D90}
		{3B25263B-F663-4D64-97EF-51C6DEBDF9A6} = {B9C83384-A305-4879-AEEF-3C3E7A8E8D90}
		{09EEC281-90AC-4BA4-BCBC-6A636EA04A21} = {B9C83384-A305-4879-AEEF-3C3E7A8E8D90}
		{1ADAC8C9-5FA3-4B65-8C57-F2A8F4EE20C4} = {B9C83384-A305-4879-AEEF-3C3E7A8E8D90}
		{BDFEE004-73EE-40F9-BF20-20B9E28C7639} = {B9C83384-A305-4879-AEEF-3C3E7A8E8D90}
		{02CFDF67-9CA4-4014-8E56-F48546439336} = {B9C83384-A305-4879-AEEF-3C3E7A8E8D90}
		{E9CCF902-5E1C-48DA-A764-988D59032232} = {B9C83384-A305-4879-AEEF-3C3E7A8E8D90}
		{0A91366D-AB6D-4144-904D-B19DC7D366AA} = {B9C83384-A305-4879-AEEF-3C3E7A8E8D90}
		{155AAE90-2B46-4FC2-B5C3-CD689ECB85E8} = {B9C83384-A305-4879-AEEF-3C3E7A8E8D90}
		{FBD3063D-3AB5-435D-A3A4-F3D2A3CB4275} = {B9C83384-A305-4879-AEEF-3C3E7A8E8D90}
	EndGlobalSection
EndGlobal
