
Microsoft Visual Studio Solution File, Format Version 11.00
# Visual Studio 2010
Project("{FAE04EC0-301F-11D3-BF4B-00C04F79EFBC}") = "XmlSchemaTestApp", "XmlSchemaTestApp\XmlSchemaTestApp.csproj", "{DDA390FC-253B-4B68-9F98-293D8DFCD832}"
EndProject
Project("{FAE04EC0-301F-11D3-BF4B-00C04F79EFBC}") = "Center.Common.ServiceModel", "..\..\..\Common\Source\ServiceModel\Center.Common.ServiceModel.csproj", "{768079A3-523C-492B-8822-1655594BA3F7}"
EndProject
Project("{2150E333-8FDC-42A3-9474-1A3956D46DE8}") = "Externals", "Externals", "{D84A8BFD-EF62-47A9-8843-0D9E1D679F9E}"
EndProject
Project("{FAE04EC0-301F-11D3-BF4B-00C04F79EFBC}") = "Configuration.Core", "..\..\..\..\Common\Configuration\Source\Core\Configuration.Core.csproj", "{E53548FE-1D9D-4A99-8FC0-F02B661D964F}"
EndProject
Global
	GlobalSection(TeamFoundationVersionControl) = preSolution
		SccNumberOfProjects = 4
		SccEnterpriseProvider = {4CA58AB2-18FA-4F8D-95D4-32DDF27D184C}
		SccTeamFoundationServer = https://tfsgorba.gorba.com:8443/tfs/defaultcollection
		SccLocalPath0 = .
		SccProjectUniqueName1 = XmlSchemaTestApp\\XmlSchemaTestApp.csproj
		SccProjectName1 = XmlSchemaTestApp
		SccLocalPath1 = XmlSchemaTestApp
		SccProjectUniqueName2 = ..\\..\\..\\Common\\Source\\ServiceModel\\Center.Common.ServiceModel.csproj
		SccProjectTopLevelParentUniqueName2 = XmlSchemaTestApp.sln
		SccProjectName2 = ../../../Common/Source/ServiceModel
		SccLocalPath2 = ..\\..\\..\\Common\\Source\\ServiceModel
		SccProjectUniqueName3 = ..\\..\\..\\..\\Common\\Configuration\\Source\\Core\\Configuration.Core.csproj
		SccProjectTopLevelParentUniqueName3 = XmlSchemaTestApp.sln
		SccProjectName3 = ../../../../Common/Configuration/Source/Core
		SccLocalPath3 = ..\\..\\..\\..\\Common\\Configuration\\Source\\Core
	EndGlobalSection
	GlobalSection(SolutionConfigurationPlatforms) = preSolution
		Debug|Any CPU = Debug|Any CPU
		Debug|Mixed Platforms = Debug|Mixed Platforms
		Debug|x86 = Debug|x86
		Release|Any CPU = Release|Any CPU
		Release|Mixed Platforms = Release|Mixed Platforms
		Release|x86 = Release|x86
	EndGlobalSection
	GlobalSection(ProjectConfigurationPlatforms) = postSolution
		{DDA390FC-253B-4B68-9F98-293D8DFCD832}.Debug|Any CPU.ActiveCfg = Debug|x86
		{DDA390FC-253B-4B68-9F98-293D8DFCD832}.Debug|Mixed Platforms.ActiveCfg = Debug|x86
		{DDA390FC-253B-4B68-9F98-293D8DFCD832}.Debug|Mixed Platforms.Build.0 = Debug|x86
		{DDA390FC-253B-4B68-9F98-293D8DFCD832}.Debug|x86.ActiveCfg = Debug|x86
		{DDA390FC-253B-4B68-9F98-293D8DFCD832}.Debug|x86.Build.0 = Debug|x86
		{DDA390FC-253B-4B68-9F98-293D8DFCD832}.Release|Any CPU.ActiveCfg = Release|x86
		{DDA390FC-253B-4B68-9F98-293D8DFCD832}.Release|Mixed Platforms.ActiveCfg = Release|x86
		{DDA390FC-253B-4B68-9F98-293D8DFCD832}.Release|Mixed Platforms.Build.0 = Release|x86
		{DDA390FC-253B-4B68-9F98-293D8DFCD832}.Release|x86.ActiveCfg = Release|x86
		{DDA390FC-253B-4B68-9F98-293D8DFCD832}.Release|x86.Build.0 = Release|x86
		{768079A3-523C-492B-8822-1655594BA3F7}.Debug|Any CPU.ActiveCfg = Debug|Any CPU
		{768079A3-523C-492B-8822-1655594BA3F7}.Debug|Any CPU.Build.0 = Debug|Any CPU
		{768079A3-523C-492B-8822-1655594BA3F7}.Debug|Mixed Platforms.ActiveCfg = Debug|Any CPU
		{768079A3-523C-492B-8822-1655594BA3F7}.Debug|Mixed Platforms.Build.0 = Debug|Any CPU
		{768079A3-523C-492B-8822-1655594BA3F7}.Debug|x86.ActiveCfg = Debug|Any CPU
		{768079A3-523C-492B-8822-1655594BA3F7}.Release|Any CPU.ActiveCfg = Release|Any CPU
		{768079A3-523C-492B-8822-1655594BA3F7}.Release|Any CPU.Build.0 = Release|Any CPU
		{768079A3-523C-492B-8822-1655594BA3F7}.Release|Mixed Platforms.ActiveCfg = Release|Any CPU
		{768079A3-523C-492B-8822-1655594BA3F7}.Release|Mixed Platforms.Build.0 = Release|Any CPU
		{768079A3-523C-492B-8822-1655594BA3F7}.Release|x86.ActiveCfg = Release|Any CPU
		{E53548FE-1D9D-4A99-8FC0-F02B661D964F}.Debug|Any CPU.ActiveCfg = Debug|Any CPU
		{E53548FE-1D9D-4A99-8FC0-F02B661D964F}.Debug|Any CPU.Build.0 = Debug|Any CPU
		{E53548FE-1D9D-4A99-8FC0-F02B661D964F}.Debug|Mixed Platforms.ActiveCfg = Debug|Any CPU
		{E53548FE-1D9D-4A99-8FC0-F02B661D964F}.Debug|Mixed Platforms.Build.0 = Debug|Any CPU
		{E53548FE-1D9D-4A99-8FC0-F02B661D964F}.Debug|x86.ActiveCfg = Debug|Any CPU
		{E53548FE-1D9D-4A99-8FC0-F02B661D964F}.Release|Any CPU.ActiveCfg = Release|Any CPU
		{E53548FE-1D9D-4A99-8FC0-F02B661D964F}.Release|Any CPU.Build.0 = Release|Any CPU
		{E53548FE-1D9D-4A99-8FC0-F02B661D964F}.Release|Mixed Platforms.ActiveCfg = Release|Any CPU
		{E53548FE-1D9D-4A99-8FC0-F02B661D964F}.Release|Mixed Platforms.Build.0 = Release|Any CPU
		{E53548FE-1D9D-4A99-8FC0-F02B661D964F}.Release|x86.ActiveCfg = Release|Any CPU
	EndGlobalSection
	GlobalSection(SolutionProperties) = preSolution
		HideSolutionNode = FALSE
	EndGlobalSection
	GlobalSection(NestedProjects) = preSolution
		{768079A3-523C-492B-8822-1655594BA3F7} = {D84A8BFD-EF62-47A9-8843-0D9E1D679F9E}
		{E53548FE-1D9D-4A99-8FC0-F02B661D964F} = {D84A8BFD-EF62-47A9-8843-0D9E1D679F9E}
	EndGlobalSection
EndGlobal
