
Microsoft Visual Studio Solution File, Format Version 12.00
# Visual Studio 2013
VisualStudioVersion = 12.0.31101.0
MinimumVisualStudioVersion = 10.0.40219.1
Project("{FAE04EC0-301F-11D3-BF4B-00C04F79EFBC}") = "HardwareManager.Core", "Source\Core\HardwareManager.Core.csproj", "{16B3C7A4-9EFD-41CF-92EE-BE4B75145BC8}"
EndProject
Project("{FAE04EC0-301F-11D3-BF4B-00C04F79EFBC}") = "HardwareManager.ConsoleApp", "Source\ConsoleApp\HardwareManager.ConsoleApp.csproj", "{21C45F02-5DC5-4021-BBB1-1E9472D038B0}"
EndProject
Project("{2150E333-8FDC-42A3-9474-1A3956D46DE8}") = "References", "References", "{1F49C155-C844-4D52-874C-E056D1645C56}"
EndProject
Project("{FAE04EC0-301F-11D3-BF4B-00C04F79EFBC}") = "Utility.Core", "..\..\Common\Utility\Source\Core\Utility.Core.csproj", "{8A10E3D6-2C5D-4A72-97EF-5A412663920C}"
EndProject
Project("{FAE04EC0-301F-11D3-BF4B-00C04F79EFBC}") = "Medi.Core", "..\..\Common\Medi\Source\Core\Medi.Core.csproj", "{2B005D69-E10B-4CE6-B9E8-3F3FD1F2C874}"
EndProject
Project("{FAE04EC0-301F-11D3-BF4B-00C04F79EFBC}") = "Gioom.Core", "..\..\Common\Gioom\Source\Core\Gioom.Core.csproj", "{7C6B5185-B035-465F-A760-7B7D45B3FBAA}"
EndProject
Project("{FAE04EC0-301F-11D3-BF4B-00C04F79EFBC}") = "Configuration.Core", "..\..\Common\Configuration\Source\Core\Configuration.Core.csproj", "{E53548FE-1D9D-4A99-8FC0-F02B661D964F}"
EndProject
Project("{FAE04EC0-301F-11D3-BF4B-00C04F79EFBC}") = "Mgi.IO", "..\Common\Source\Mgi\IO\Mgi.IO.csproj", "{09DC80B3-EFD9-4CAD-88D5-2DAEF7D0C01A}"
EndProject
Project("{FAE04EC0-301F-11D3-BF4B-00C04F79EFBC}") = "Kontron.Jida32", "..\..\Common\3rdParty\Kontron.Jida32\Kontron.Jida32.csproj", "{D1EE4794-32C2-4047-ACCA-457812A7FCC6}"
EndProject
Project("{FAE04EC0-301F-11D3-BF4B-00C04F79EFBC}") = "Mgi.AtmelControl", "..\Common\Source\Mgi\AtmelControl\Mgi.AtmelControl.csproj", "{365DB5DB-40ED-4418-B19B-286CCEA083A1}"
EndProject
Project("{FAE04EC0-301F-11D3-BF4B-00C04F79EFBC}") = "Utility.Compatibility", "..\..\Common\Utility\Source\Compatibility\Utility.Compatibility.csproj", "{ED8C6ACB-E53B-4278-B9AC-485709E6294D}"
EndProject
Project("{FAE04EC0-301F-11D3-BF4B-00C04F79EFBC}") = "Common.IbisIP", "..\Common\Source\IbisIP\Common.IbisIP.csproj", "{5FAA63E5-FE9F-4EA1-B589-58F74E00F9F3}"
EndProject
Project("{FAE04EC0-301F-11D3-BF4B-00C04F79EFBC}") = "Protocols.Vdv301", "..\..\Common\Protocols\Source\Vdv301\Protocols.Vdv301.csproj", "{60B1A687-3802-499E-B03F-B4BC1829B932}"
EndProject
Project("{FAE04EC0-301F-11D3-BF4B-00C04F79EFBC}") = "ARSoft.Tools.Net", "..\..\Common\3rdParty\ARSoft.Tools.Net\ARSoft.Tools.Net\ARSoft.Tools.Net.csproj", "{65BFA748-C640-49B0-B506-34BBB165233A}"
EndProject
Project("{FAE04EC0-301F-11D3-BF4B-00C04F79EFBC}") = "Protocols.Alarming", "..\..\Common\Protocols\Source\Alarming\Protocols.Alarming.csproj", "{0BE751C3-9AE0-4956-BE49-FD80E5DF29DC}"
EndProject
Project("{FAE04EC0-301F-11D3-BF4B-00C04F79EFBC}") = "Protocols.DnsServiceDiscovery", "..\..\Common\Protocols\Source\DnsServiceDiscovery\Protocols.DnsServiceDiscovery.csproj", "{E8082B21-BF96-4C8F-8664-8E3C198C6DB3}"
EndProject
Project("{FAE04EC0-301F-11D3-BF4B-00C04F79EFBC}") = "Protocols.Sntp", "..\..\Common\Protocols\Source\Sntp\Protocols.Sntp.csproj", "{0E1FA4A7-7256-4269-B2FA-93A378E818FF}"
EndProject
Project("{FAE04EC0-301F-11D3-BF4B-00C04F79EFBC}") = "Configuration.SystemManager", "..\..\Common\Configuration\Source\SystemManager\Configuration.SystemManager.csproj", "{A95FB6D7-9160-47C1-A80C-65C63AB38BDF}"
EndProject
Project("{FAE04EC0-301F-11D3-BF4B-00C04F79EFBC}") = "Configuration.HardwareManager", "..\..\Common\Configuration\Source\HardwareManager\Configuration.HardwareManager.csproj", "{48E2DEB9-E45A-484E-B2D6-4B480ADBFF65}"
EndProject
Project("{FAE04EC0-301F-11D3-BF4B-00C04F79EFBC}") = "SystemManagement.Host", "..\..\Common\SystemManagement\Source\Host\SystemManagement.Host.csproj", "{E11FBC4E-2EB6-461C-9310-094B6ADE9595}"
EndProject
Project("{FAE04EC0-301F-11D3-BF4B-00C04F79EFBC}") = "SystemManagement.Client", "..\..\Common\SystemManagement\Source\Client\SystemManagement.Client.csproj", "{2183B489-3AB4-4926-9B45-9FDDEADB9811}"
EndProject
Project("{FAE04EC0-301F-11D3-BF4B-00C04F79EFBC}") = "SystemManagement.Messages", "..\..\Common\SystemManagement\Source\Messages\SystemManagement.Messages.csproj", "{552DA335-EA4F-465C-A8D2-2FFCF3A2EAA2}"
EndProject
Project("{FAE04EC0-301F-11D3-BF4B-00C04F79EFBC}") = "SystemManagement.ServiceModel", "..\..\Common\SystemManagement\Source\ServiceModel\SystemManagement.ServiceModel.csproj", "{5BF74CBC-E88C-459E-B0DC-34069552A0A3}"
EndProject
Project("{FAE04EC0-301F-11D3-BF4B-00C04F79EFBC}") = "Configuration.Persistence", "..\..\Common\Configuration\Source\Persistence\Configuration.Persistence.csproj", "{0FA444B9-B876-47EB-A78D-BB4BEBC9740D}"
EndProject
Project("{FAE04EC0-301F-11D3-BF4B-00C04F79EFBC}") = "Protocols.Udcp", "..\..\Common\Protocols\Source\Udcp\Protocols.Udcp.csproj", "{DD243842-2ED9-4E77-9BE3-3BF5C2C129C1}"
EndProject
Project("{FAE04EC0-301F-11D3-BF4B-00C04F79EFBC}") = "Utility.Win32", "..\..\Common\Utility\Source\Win32\Utility.Win32.csproj", "{817BB42A-324A-4243-9639-33C99F4F883C}"
EndProject
Project("{FAE04EC0-301F-11D3-BF4B-00C04F79EFBC}") = "Motion.Common.Entities", "..\Common\Source\Entities\Motion.Common.Entities.csproj", "{255CD7A4-3217-4CA4-8E83-4CC91D6CB44D}"
EndProject
Project("{FAE04EC0-301F-11D3-BF4B-00C04F79EFBC}") = "Configuration.Obc", "..\..\Common\Configuration\Source\Obc\Configuration.Obc.csproj", "{939F1E2A-B8EA-43BE-878C-DD9E4FCBA28F}"
EndProject
Project("{FAE04EC0-301F-11D3-BF4B-00C04F79EFBC}") = "NMEA", "..\..\Common\3rdParty\NMEAParser\NMEA.csproj", "{750E7B2E-8096-4831-B318-B1F1FAFD6AE4}"
EndProject
Project("{FAE04EC0-301F-11D3-BF4B-00C04F79EFBC}") = "Utility.OSWrappers", "..\..\Common\Utility\Source\OSWrappers\Utility.OSWrappers.csproj", "{5202B147-B5CB-49D2-AF14-F3887E2210B1}"
EndProject
Global
	GlobalSection(TeamFoundationVersionControl) = preSolution
		SccNumberOfProjects = 30
		SccEnterpriseProvider = {4CA58AB2-18FA-4F8D-95D4-32DDF27D184C}
		SccTeamFoundationServer = https://tfsgorba.gorba.com:8443/tfs/defaultcollection
		SccLocalPath0 = .
		SccProjectUniqueName1 = Source\\Core\\HardwareManager.Core.csproj
		SccProjectName1 = Source/Core
		SccLocalPath1 = Source\\Core
		SccProjectUniqueName2 = Source\\ConsoleApp\\HardwareManager.ConsoleApp.csproj
		SccProjectName2 = Source/ConsoleApp
		SccLocalPath2 = Source\\ConsoleApp
		SccProjectUniqueName3 = ..\\..\\Common\\Utility\\Source\\Core\\Utility.Core.csproj
		SccProjectTopLevelParentUniqueName3 = Gorba.Motion.HardwareManager.sln
		SccProjectName3 = ../../Common/Utility/Source/Core
		SccLocalPath3 = ..\\..\\Common\\Utility\\Source\\Core
		SccProjectUniqueName4 = ..\\..\\Common\\Medi\\Source\\Core\\Medi.Core.csproj
		SccProjectTopLevelParentUniqueName4 = Gorba.Motion.HardwareManager.sln
		SccProjectName4 = ../../Common/Medi/Source/Core
		SccLocalPath4 = ..\\..\\Common\\Medi\\Source\\Core
		SccProjectUniqueName5 = ..\\..\\Common\\Gioom\\Source\\Core\\Gioom.Core.csproj
		SccProjectTopLevelParentUniqueName5 = Gorba.Motion.HardwareManager.sln
		SccProjectName5 = ../../Common/Gioom/Source/Core
		SccLocalPath5 = ..\\..\\Common\\Gioom\\Source\\Core
		SccProjectUniqueName6 = ..\\..\\Common\\Configuration\\Source\\Core\\Configuration.Core.csproj
		SccProjectTopLevelParentUniqueName6 = Gorba.Motion.HardwareManager.sln
		SccProjectName6 = ../../Common/Configuration/Source/Core
		SccLocalPath6 = ..\\..\\Common\\Configuration\\Source\\Core
		SccProjectUniqueName7 = ..\\Common\\Source\\Mgi\\IO\\Mgi.IO.csproj
		SccProjectTopLevelParentUniqueName7 = Gorba.Motion.HardwareManager.sln
		SccProjectName7 = ../Common/Source/Mgi/IO
		SccLocalPath7 = ..\\Common\\Source\\Mgi\\IO
		SccProjectUniqueName8 = ..\\..\\Common\\3rdParty\\Kontron.Jida32\\Kontron.Jida32.csproj
		SccProjectTopLevelParentUniqueName8 = Gorba.Motion.HardwareManager.sln
		SccProjectName8 = ../../Common/3rdParty/Kontron.Jida32
		SccLocalPath8 = ..\\..\\Common\\3rdParty\\Kontron.Jida32
		SccProjectUniqueName9 = ..\\Common\\Source\\Mgi\\AtmelControl\\Mgi.AtmelControl.csproj
		SccProjectTopLevelParentUniqueName9 = Gorba.Motion.HardwareManager.sln
		SccProjectName9 = ../Common/Source/Mgi/AtmelControl
		SccLocalPath9 = ..\\Common\\Source\\Mgi\\AtmelControl
		SccProjectUniqueName10 = ..\\..\\Common\\Utility\\Source\\Compatibility\\Utility.Compatibility.csproj
		SccProjectTopLevelParentUniqueName10 = Gorba.Motion.HardwareManager.sln
		SccProjectName10 = ../../Common/Utility/Source/Compatibility
		SccLocalPath10 = ..\\..\\Common\\Utility\\Source\\Compatibility
		SccProjectUniqueName11 = ..\\Common\\Source\\IbisIP\\Common.IbisIP.csproj
		SccProjectTopLevelParentUniqueName11 = Gorba.Motion.HardwareManager.sln
		SccProjectName11 = ../Common/Source/IbisIP
		SccLocalPath11 = ..\\Common\\Source\\IbisIP
		SccProjectUniqueName12 = ..\\..\\Common\\Protocols\\Source\\Vdv301\\Protocols.Vdv301.csproj
		SccProjectTopLevelParentUniqueName12 = Gorba.Motion.HardwareManager.sln
		SccProjectName12 = ../../Common/Protocols/Source/Vdv301
		SccLocalPath12 = ..\\..\\Common\\Protocols\\Source\\Vdv301
		SccProjectUniqueName13 = ..\\..\\Common\\3rdParty\\ARSoft.Tools.Net\\ARSoft.Tools.Net\\ARSoft.Tools.Net.csproj
		SccProjectTopLevelParentUniqueName13 = Gorba.Motion.HardwareManager.sln
		SccProjectName13 = ../../Common/3rdParty/ARSoft.Tools.Net/ARSoft.Tools.Net
		SccLocalPath13 = ..\\..\\Common\\3rdParty\\ARSoft.Tools.Net\\ARSoft.Tools.Net
		SccProjectUniqueName14 = ..\\..\\Common\\Protocols\\Source\\Alarming\\Protocols.Alarming.csproj
		SccProjectTopLevelParentUniqueName14 = Gorba.Motion.HardwareManager.sln
		SccProjectName14 = ../../Common/Protocols/Source/Alarming
		SccLocalPath14 = ..\\..\\Common\\Protocols\\Source\\Alarming
		SccProjectUniqueName15 = ..\\..\\Common\\Protocols\\Source\\DnsServiceDiscovery\\Protocols.DnsServiceDiscovery.csproj
		SccProjectTopLevelParentUniqueName15 = Gorba.Motion.HardwareManager.sln
		SccProjectName15 = ../../Common/Protocols/Source/DnsServiceDiscovery
		SccLocalPath15 = ..\\..\\Common\\Protocols\\Source\\DnsServiceDiscovery
		SccProjectUniqueName16 = ..\\..\\Common\\Protocols\\Source\\Sntp\\Protocols.Sntp.csproj
		SccProjectTopLevelParentUniqueName16 = Gorba.Motion.HardwareManager.sln
		SccProjectName16 = ../../Common/Protocols/Source/Sntp
		SccLocalPath16 = ..\\..\\Common\\Protocols\\Source\\Sntp
		SccProjectUniqueName17 = ..\\..\\Common\\Configuration\\Source\\SystemManager\\Configuration.SystemManager.csproj
		SccProjectTopLevelParentUniqueName17 = Gorba.Motion.HardwareManager.sln
		SccProjectName17 = ../../Common/Configuration/Source/SystemManager
		SccLocalPath17 = ..\\..\\Common\\Configuration\\Source\\SystemManager
		SccProjectUniqueName18 = ..\\..\\Common\\Configuration\\Source\\HardwareManager\\Configuration.HardwareManager.csproj
		SccProjectTopLevelParentUniqueName18 = Gorba.Motion.HardwareManager.sln
		SccProjectName18 = ../../Common/Configuration/Source/HardwareManager
		SccLocalPath18 = ..\\..\\Common\\Configuration\\Source\\HardwareManager
		SccProjectUniqueName19 = ..\\..\\Common\\SystemManagement\\Source\\Host\\SystemManagement.Host.csproj
		SccProjectTopLevelParentUniqueName19 = Gorba.Motion.HardwareManager.sln
		SccProjectName19 = ../../Common/SystemManagement/Source/Host
		SccLocalPath19 = ..\\..\\Common\\SystemManagement\\Source\\Host
		SccProjectUniqueName20 = ..\\..\\Common\\SystemManagement\\Source\\Client\\SystemManagement.Client.csproj
		SccProjectTopLevelParentUniqueName20 = Gorba.Motion.HardwareManager.sln
		SccProjectName20 = ../../Common/SystemManagement/Source/Client
		SccLocalPath20 = ..\\..\\Common\\SystemManagement\\Source\\Client
		SccProjectUniqueName21 = ..\\..\\Common\\SystemManagement\\Source\\Messages\\SystemManagement.Messages.csproj
		SccProjectTopLevelParentUniqueName21 = Gorba.Motion.HardwareManager.sln
		SccProjectName21 = ../../Common/SystemManagement/Source/Messages
		SccLocalPath21 = ..\\..\\Common\\SystemManagement\\Source\\Messages
		SccProjectUniqueName22 = ..\\..\\Common\\SystemManagement\\Source\\ServiceModel\\SystemManagement.ServiceModel.csproj
		SccProjectTopLevelParentUniqueName22 = Gorba.Motion.HardwareManager.sln
		SccProjectName22 = ../../Common/SystemManagement/Source/ServiceModel
		SccLocalPath22 = ..\\..\\Common\\SystemManagement\\Source\\ServiceModel
		SccProjectUniqueName23 = ..\\..\\Common\\Configuration\\Source\\Persistence\\Configuration.Persistence.csproj
		SccProjectTopLevelParentUniqueName23 = Gorba.Motion.HardwareManager.sln
		SccProjectName23 = ../../Common/Configuration/Source/Persistence
		SccLocalPath23 = ..\\..\\Common\\Configuration\\Source\\Persistence
		SccProjectUniqueName24 = ..\\..\\Common\\Protocols\\Source\\Udcp\\Protocols.Udcp.csproj
		SccProjectTopLevelParentUniqueName24 = Gorba.Motion.HardwareManager.sln
		SccProjectName24 = ../../Common/Protocols/Source/Udcp
		SccLocalPath24 = ..\\..\\Common\\Protocols\\Source\\Udcp
		SccProjectUniqueName25 = ..\\..\\Common\\Utility\\Source\\Win32\\Utility.Win32.csproj
		SccProjectTopLevelParentUniqueName25 = Gorba.Motion.HardwareManager.sln
		SccProjectName25 = ../../Common/Utility/Source/Win32
		SccLocalPath25 = ..\\..\\Common\\Utility\\Source\\Win32
		SccProjectUniqueName26 = ..\\Common\\Source\\Entities\\Motion.Common.Entities.csproj
		SccProjectTopLevelParentUniqueName26 = Gorba.Motion.HardwareManager.sln
		SccProjectName26 = ../Common/Source/Entities
		SccLocalPath26 = ..\\Common\\Source\\Entities
		SccProjectUniqueName27 = ..\\..\\Common\\Configuration\\Source\\Obc\\Configuration.Obc.csproj
		SccProjectTopLevelParentUniqueName27 = Gorba.Motion.HardwareManager.sln
		SccProjectName27 = ../../Common/Configuration/Source/Obc
		SccLocalPath27 = ..\\..\\Common\\Configuration\\Source\\Obc
		SccProjectUniqueName28 = ..\\..\\Common\\3rdParty\\NMEAParser\\NMEA.csproj
		SccProjectTopLevelParentUniqueName28 = Gorba.Motion.HardwareManager.sln
		SccProjectName28 = ../../Common/3rdParty/NMEAParser
		SccLocalPath28 = ..\\..\\Common\\3rdParty\\NMEAParser
		SccProjectUniqueName29 = ..\\..\\Common\\Utility\\Source\\OSWrappers\\Utility.OSWrappers.csproj
		SccProjectTopLevelParentUniqueName29 = Gorba.Motion.HardwareManager.sln
		SccProjectName29 = ../../Common/Utility/Source/OSWrappers
		SccLocalPath29 = ..\\..\\Common\\Utility\\Source\\OSWrappers
	EndGlobalSection
	GlobalSection(SolutionConfigurationPlatforms) = preSolution
		Debug|Any CPU = Debug|Any CPU
		Debug|Mixed Platforms = Debug|Mixed Platforms
		Debug|x86 = Debug|x86
		Release|Any CPU = Release|Any CPU
		Release|Mixed Platforms = Release|Mixed Platforms
		Release|x86 = Release|x86
	EndGlobalSection
	GlobalSection(ProjectConfigurationPlatforms) = postSolution
		{16B3C7A4-9EFD-41CF-92EE-BE4B75145BC8}.Debug|Any CPU.ActiveCfg = Debug|Any CPU
		{16B3C7A4-9EFD-41CF-92EE-BE4B75145BC8}.Debug|Any CPU.Build.0 = Debug|Any CPU
		{16B3C7A4-9EFD-41CF-92EE-BE4B75145BC8}.Debug|Mixed Platforms.ActiveCfg = Debug|Any CPU
		{16B3C7A4-9EFD-41CF-92EE-BE4B75145BC8}.Debug|Mixed Platforms.Build.0 = Debug|Any CPU
		{16B3C7A4-9EFD-41CF-92EE-BE4B75145BC8}.Debug|x86.ActiveCfg = Debug|Any CPU
		{16B3C7A4-9EFD-41CF-92EE-BE4B75145BC8}.Release|Any CPU.ActiveCfg = Release|Any CPU
		{16B3C7A4-9EFD-41CF-92EE-BE4B75145BC8}.Release|Any CPU.Build.0 = Release|Any CPU
		{16B3C7A4-9EFD-41CF-92EE-BE4B75145BC8}.Release|Mixed Platforms.ActiveCfg = Release|Any CPU
		{16B3C7A4-9EFD-41CF-92EE-BE4B75145BC8}.Release|Mixed Platforms.Build.0 = Release|Any CPU
		{16B3C7A4-9EFD-41CF-92EE-BE4B75145BC8}.Release|x86.ActiveCfg = Release|Any CPU
		{21C45F02-5DC5-4021-BBB1-1E9472D038B0}.Debug|Any CPU.ActiveCfg = Debug|Any CPU
		{21C45F02-5DC5-4021-BBB1-1E9472D038B0}.Debug|Any CPU.Build.0 = Debug|Any CPU
		{21C45F02-5DC5-4021-BBB1-1E9472D038B0}.Debug|Mixed Platforms.ActiveCfg = Debug|x86
		{21C45F02-5DC5-4021-BBB1-1E9472D038B0}.Debug|Mixed Platforms.Build.0 = Debug|x86
		{21C45F02-5DC5-4021-BBB1-1E9472D038B0}.Debug|x86.ActiveCfg = Debug|x86
		{21C45F02-5DC5-4021-BBB1-1E9472D038B0}.Debug|x86.Build.0 = Debug|x86
		{21C45F02-5DC5-4021-BBB1-1E9472D038B0}.Release|Any CPU.ActiveCfg = Release|Any CPU
		{21C45F02-5DC5-4021-BBB1-1E9472D038B0}.Release|Any CPU.Build.0 = Release|Any CPU
		{21C45F02-5DC5-4021-BBB1-1E9472D038B0}.Release|Mixed Platforms.ActiveCfg = Release|x86
		{21C45F02-5DC5-4021-BBB1-1E9472D038B0}.Release|Mixed Platforms.Build.0 = Release|x86
		{21C45F02-5DC5-4021-BBB1-1E9472D038B0}.Release|x86.ActiveCfg = Release|x86
		{21C45F02-5DC5-4021-BBB1-1E9472D038B0}.Release|x86.Build.0 = Release|x86
		{8A10E3D6-2C5D-4A72-97EF-5A412663920C}.Debug|Any CPU.ActiveCfg = Debug|Any CPU
		{8A10E3D6-2C5D-4A72-97EF-5A412663920C}.Debug|Any CPU.Build.0 = Debug|Any CPU
		{8A10E3D6-2C5D-4A72-97EF-5A412663920C}.Debug|Mixed Platforms.ActiveCfg = Debug|Any CPU
		{8A10E3D6-2C5D-4A72-97EF-5A412663920C}.Debug|Mixed Platforms.Build.0 = Debug|Any CPU
		{8A10E3D6-2C5D-4A72-97EF-5A412663920C}.Debug|x86.ActiveCfg = Debug|Any CPU
		{8A10E3D6-2C5D-4A72-97EF-5A412663920C}.Release|Any CPU.ActiveCfg = Release|Any CPU
		{8A10E3D6-2C5D-4A72-97EF-5A412663920C}.Release|Any CPU.Build.0 = Release|Any CPU
		{8A10E3D6-2C5D-4A72-97EF-5A412663920C}.Release|Mixed Platforms.ActiveCfg = Release|Any CPU
		{8A10E3D6-2C5D-4A72-97EF-5A412663920C}.Release|Mixed Platforms.Build.0 = Release|Any CPU
		{8A10E3D6-2C5D-4A72-97EF-5A412663920C}.Release|x86.ActiveCfg = Release|Any CPU
		{2B005D69-E10B-4CE6-B9E8-3F3FD1F2C874}.Debug|Any CPU.ActiveCfg = Debug|Any CPU
		{2B005D69-E10B-4CE6-B9E8-3F3FD1F2C874}.Debug|Any CPU.Build.0 = Debug|Any CPU
		{2B005D69-E10B-4CE6-B9E8-3F3FD1F2C874}.Debug|Mixed Platforms.ActiveCfg = Debug|x86
		{2B005D69-E10B-4CE6-B9E8-3F3FD1F2C874}.Debug|Mixed Platforms.Build.0 = Debug|x86
		{2B005D69-E10B-4CE6-B9E8-3F3FD1F2C874}.Debug|x86.ActiveCfg = Debug|x86
		{2B005D69-E10B-4CE6-B9E8-3F3FD1F2C874}.Debug|x86.Build.0 = Debug|x86
		{2B005D69-E10B-4CE6-B9E8-3F3FD1F2C874}.Release|Any CPU.ActiveCfg = Release|Any CPU
		{2B005D69-E10B-4CE6-B9E8-3F3FD1F2C874}.Release|Any CPU.Build.0 = Release|Any CPU
		{2B005D69-E10B-4CE6-B9E8-3F3FD1F2C874}.Release|Mixed Platforms.ActiveCfg = Release|x86
		{2B005D69-E10B-4CE6-B9E8-3F3FD1F2C874}.Release|Mixed Platforms.Build.0 = Release|x86
		{2B005D69-E10B-4CE6-B9E8-3F3FD1F2C874}.Release|x86.ActiveCfg = Release|x86
		{2B005D69-E10B-4CE6-B9E8-3F3FD1F2C874}.Release|x86.Build.0 = Release|x86
		{7C6B5185-B035-465F-A760-7B7D45B3FBAA}.Debug|Any CPU.ActiveCfg = Debug|Any CPU
		{7C6B5185-B035-465F-A760-7B7D45B3FBAA}.Debug|Any CPU.Build.0 = Debug|Any CPU
		{7C6B5185-B035-465F-A760-7B7D45B3FBAA}.Debug|Mixed Platforms.ActiveCfg = Debug|Any CPU
		{7C6B5185-B035-465F-A760-7B7D45B3FBAA}.Debug|Mixed Platforms.Build.0 = Debug|Any CPU
		{7C6B5185-B035-465F-A760-7B7D45B3FBAA}.Debug|x86.ActiveCfg = Debug|Any CPU
		{7C6B5185-B035-465F-A760-7B7D45B3FBAA}.Release|Any CPU.ActiveCfg = Release|Any CPU
		{7C6B5185-B035-465F-A760-7B7D45B3FBAA}.Release|Any CPU.Build.0 = Release|Any CPU
		{7C6B5185-B035-465F-A760-7B7D45B3FBAA}.Release|Mixed Platforms.ActiveCfg = Release|Any CPU
		{7C6B5185-B035-465F-A760-7B7D45B3FBAA}.Release|Mixed Platforms.Build.0 = Release|Any CPU
		{7C6B5185-B035-465F-A760-7B7D45B3FBAA}.Release|x86.ActiveCfg = Release|Any CPU
		{E53548FE-1D9D-4A99-8FC0-F02B661D964F}.Debug|Any CPU.ActiveCfg = Debug|Any CPU
		{E53548FE-1D9D-4A99-8FC0-F02B661D964F}.Debug|Any CPU.Build.0 = Debug|Any CPU
		{E53548FE-1D9D-4A99-8FC0-F02B661D964F}.Debug|Mixed Platforms.ActiveCfg = Debug|Any CPU
		{E53548FE-1D9D-4A99-8FC0-F02B661D964F}.Debug|Mixed Platforms.Build.0 = Debug|Any CPU
		{E53548FE-1D9D-4A99-8FC0-F02B661D964F}.Debug|x86.ActiveCfg = Debug|Any CPU
		{E53548FE-1D9D-4A99-8FC0-F02B661D964F}.Release|Any CPU.ActiveCfg = Release|Any CPU
		{E53548FE-1D9D-4A99-8FC0-F02B661D964F}.Release|Any CPU.Build.0 = Release|Any CPU
		{E53548FE-1D9D-4A99-8FC0-F02B661D964F}.Release|Mixed Platforms.ActiveCfg = Release|Any CPU
		{E53548FE-1D9D-4A99-8FC0-F02B661D964F}.Release|Mixed Platforms.Build.0 = Release|Any CPU
		{E53548FE-1D9D-4A99-8FC0-F02B661D964F}.Release|x86.ActiveCfg = Release|Any CPU
		{09DC80B3-EFD9-4CAD-88D5-2DAEF7D0C01A}.Debug|Any CPU.ActiveCfg = Debug|Any CPU
		{09DC80B3-EFD9-4CAD-88D5-2DAEF7D0C01A}.Debug|Any CPU.Build.0 = Debug|Any CPU
		{09DC80B3-EFD9-4CAD-88D5-2DAEF7D0C01A}.Debug|Mixed Platforms.ActiveCfg = Debug|Any CPU
		{09DC80B3-EFD9-4CAD-88D5-2DAEF7D0C01A}.Debug|Mixed Platforms.Build.0 = Debug|Any CPU
		{09DC80B3-EFD9-4CAD-88D5-2DAEF7D0C01A}.Debug|x86.ActiveCfg = Debug|Any CPU
		{09DC80B3-EFD9-4CAD-88D5-2DAEF7D0C01A}.Release|Any CPU.ActiveCfg = Release|Any CPU
		{09DC80B3-EFD9-4CAD-88D5-2DAEF7D0C01A}.Release|Any CPU.Build.0 = Release|Any CPU
		{09DC80B3-EFD9-4CAD-88D5-2DAEF7D0C01A}.Release|Mixed Platforms.ActiveCfg = Release|Any CPU
		{09DC80B3-EFD9-4CAD-88D5-2DAEF7D0C01A}.Release|Mixed Platforms.Build.0 = Release|Any CPU
		{09DC80B3-EFD9-4CAD-88D5-2DAEF7D0C01A}.Release|x86.ActiveCfg = Release|Any CPU
		{D1EE4794-32C2-4047-ACCA-457812A7FCC6}.Debug|Any CPU.ActiveCfg = Debug|Any CPU
		{D1EE4794-32C2-4047-ACCA-457812A7FCC6}.Debug|Any CPU.Build.0 = Debug|Any CPU
		{D1EE4794-32C2-4047-ACCA-457812A7FCC6}.Debug|Mixed Platforms.ActiveCfg = Debug|Any CPU
		{D1EE4794-32C2-4047-ACCA-457812A7FCC6}.Debug|Mixed Platforms.Build.0 = Debug|Any CPU
		{D1EE4794-32C2-4047-ACCA-457812A7FCC6}.Debug|x86.ActiveCfg = Debug|Any CPU
		{D1EE4794-32C2-4047-ACCA-457812A7FCC6}.Release|Any CPU.ActiveCfg = Release|Any CPU
		{D1EE4794-32C2-4047-ACCA-457812A7FCC6}.Release|Any CPU.Build.0 = Release|Any CPU
		{D1EE4794-32C2-4047-ACCA-457812A7FCC6}.Release|Mixed Platforms.ActiveCfg = Release|Any CPU
		{D1EE4794-32C2-4047-ACCA-457812A7FCC6}.Release|Mixed Platforms.Build.0 = Release|Any CPU
		{D1EE4794-32C2-4047-ACCA-457812A7FCC6}.Release|x86.ActiveCfg = Release|Any CPU
		{365DB5DB-40ED-4418-B19B-286CCEA083A1}.Debug|Any CPU.ActiveCfg = Debug|Any CPU
		{365DB5DB-40ED-4418-B19B-286CCEA083A1}.Debug|Any CPU.Build.0 = Debug|Any CPU
		{365DB5DB-40ED-4418-B19B-286CCEA083A1}.Debug|Mixed Platforms.ActiveCfg = Debug|Any CPU
		{365DB5DB-40ED-4418-B19B-286CCEA083A1}.Debug|Mixed Platforms.Build.0 = Debug|Any CPU
		{365DB5DB-40ED-4418-B19B-286CCEA083A1}.Debug|x86.ActiveCfg = Debug|Any CPU
		{365DB5DB-40ED-4418-B19B-286CCEA083A1}.Release|Any CPU.ActiveCfg = Release|Any CPU
		{365DB5DB-40ED-4418-B19B-286CCEA083A1}.Release|Any CPU.Build.0 = Release|Any CPU
		{365DB5DB-40ED-4418-B19B-286CCEA083A1}.Release|Mixed Platforms.ActiveCfg = Release|Any CPU
		{365DB5DB-40ED-4418-B19B-286CCEA083A1}.Release|Mixed Platforms.Build.0 = Release|Any CPU
		{365DB5DB-40ED-4418-B19B-286CCEA083A1}.Release|x86.ActiveCfg = Release|Any CPU
		{ED8C6ACB-E53B-4278-B9AC-485709E6294D}.Debug|Any CPU.ActiveCfg = Debug|Any CPU
		{ED8C6ACB-E53B-4278-B9AC-485709E6294D}.Debug|Any CPU.Build.0 = Debug|Any CPU
		{ED8C6ACB-E53B-4278-B9AC-485709E6294D}.Debug|Mixed Platforms.ActiveCfg = Debug|Any CPU
		{ED8C6ACB-E53B-4278-B9AC-485709E6294D}.Debug|Mixed Platforms.Build.0 = Debug|Any CPU
		{ED8C6ACB-E53B-4278-B9AC-485709E6294D}.Debug|x86.ActiveCfg = Debug|Any CPU
		{ED8C6ACB-E53B-4278-B9AC-485709E6294D}.Release|Any CPU.ActiveCfg = Release|Any CPU
		{ED8C6ACB-E53B-4278-B9AC-485709E6294D}.Release|Any CPU.Build.0 = Release|Any CPU
		{ED8C6ACB-E53B-4278-B9AC-485709E6294D}.Release|Mixed Platforms.ActiveCfg = Release|Any CPU
		{ED8C6ACB-E53B-4278-B9AC-485709E6294D}.Release|Mixed Platforms.Build.0 = Release|Any CPU
		{ED8C6ACB-E53B-4278-B9AC-485709E6294D}.Release|x86.ActiveCfg = Release|Any CPU
		{5FAA63E5-FE9F-4EA1-B589-58F74E00F9F3}.Debug|Any CPU.ActiveCfg = Debug|Any CPU
		{5FAA63E5-FE9F-4EA1-B589-58F74E00F9F3}.Debug|Any CPU.Build.0 = Debug|Any CPU
		{5FAA63E5-FE9F-4EA1-B589-58F74E00F9F3}.Debug|Mixed Platforms.ActiveCfg = Debug|Any CPU
		{5FAA63E5-FE9F-4EA1-B589-58F74E00F9F3}.Debug|Mixed Platforms.Build.0 = Debug|Any CPU
		{5FAA63E5-FE9F-4EA1-B589-58F74E00F9F3}.Debug|x86.ActiveCfg = Debug|Any CPU
		{5FAA63E5-FE9F-4EA1-B589-58F74E00F9F3}.Release|Any CPU.ActiveCfg = Release|Any CPU
		{5FAA63E5-FE9F-4EA1-B589-58F74E00F9F3}.Release|Any CPU.Build.0 = Release|Any CPU
		{5FAA63E5-FE9F-4EA1-B589-58F74E00F9F3}.Release|Mixed Platforms.ActiveCfg = Release|Any CPU
		{5FAA63E5-FE9F-4EA1-B589-58F74E00F9F3}.Release|Mixed Platforms.Build.0 = Release|Any CPU
		{5FAA63E5-FE9F-4EA1-B589-58F74E00F9F3}.Release|x86.ActiveCfg = Release|Any CPU
		{60B1A687-3802-499E-B03F-B4BC1829B932}.Debug|Any CPU.ActiveCfg = Debug|Any CPU
		{60B1A687-3802-499E-B03F-B4BC1829B932}.Debug|Any CPU.Build.0 = Debug|Any CPU
		{60B1A687-3802-499E-B03F-B4BC1829B932}.Debug|Mixed Platforms.ActiveCfg = Debug|Any CPU
		{60B1A687-3802-499E-B03F-B4BC1829B932}.Debug|Mixed Platforms.Build.0 = Debug|Any CPU
		{60B1A687-3802-499E-B03F-B4BC1829B932}.Debug|x86.ActiveCfg = Debug|Any CPU
		{60B1A687-3802-499E-B03F-B4BC1829B932}.Release|Any CPU.ActiveCfg = Release|Any CPU
		{60B1A687-3802-499E-B03F-B4BC1829B932}.Release|Any CPU.Build.0 = Release|Any CPU
		{60B1A687-3802-499E-B03F-B4BC1829B932}.Release|Mixed Platforms.ActiveCfg = Release|Any CPU
		{60B1A687-3802-499E-B03F-B4BC1829B932}.Release|Mixed Platforms.Build.0 = Release|Any CPU
		{60B1A687-3802-499E-B03F-B4BC1829B932}.Release|x86.ActiveCfg = Release|Any CPU
		{65BFA748-C640-49B0-B506-34BBB165233A}.Debug|Any CPU.ActiveCfg = Debug|Any CPU
		{65BFA748-C640-49B0-B506-34BBB165233A}.Debug|Any CPU.Build.0 = Debug|Any CPU
		{65BFA748-C640-49B0-B506-34BBB165233A}.Debug|Mixed Platforms.ActiveCfg = Debug|Any CPU
		{65BFA748-C640-49B0-B506-34BBB165233A}.Debug|Mixed Platforms.Build.0 = Debug|Any CPU
		{65BFA748-C640-49B0-B506-34BBB165233A}.Debug|x86.ActiveCfg = Debug|Any CPU
		{65BFA748-C640-49B0-B506-34BBB165233A}.Release|Any CPU.ActiveCfg = Release|Any CPU
		{65BFA748-C640-49B0-B506-34BBB165233A}.Release|Any CPU.Build.0 = Release|Any CPU
		{65BFA748-C640-49B0-B506-34BBB165233A}.Release|Mixed Platforms.ActiveCfg = Release|Any CPU
		{65BFA748-C640-49B0-B506-34BBB165233A}.Release|Mixed Platforms.Build.0 = Release|Any CPU
		{65BFA748-C640-49B0-B506-34BBB165233A}.Release|x86.ActiveCfg = Release|Any CPU
		{0BE751C3-9AE0-4956-BE49-FD80E5DF29DC}.Debug|Any CPU.ActiveCfg = Debug|Any CPU
		{0BE751C3-9AE0-4956-BE49-FD80E5DF29DC}.Debug|Any CPU.Build.0 = Debug|Any CPU
		{0BE751C3-9AE0-4956-BE49-FD80E5DF29DC}.Debug|Mixed Platforms.ActiveCfg = Debug|Any CPU
		{0BE751C3-9AE0-4956-BE49-FD80E5DF29DC}.Debug|Mixed Platforms.Build.0 = Debug|Any CPU
		{0BE751C3-9AE0-4956-BE49-FD80E5DF29DC}.Debug|x86.ActiveCfg = Debug|Any CPU
		{0BE751C3-9AE0-4956-BE49-FD80E5DF29DC}.Release|Any CPU.ActiveCfg = Release|Any CPU
		{0BE751C3-9AE0-4956-BE49-FD80E5DF29DC}.Release|Any CPU.Build.0 = Release|Any CPU
		{0BE751C3-9AE0-4956-BE49-FD80E5DF29DC}.Release|Mixed Platforms.ActiveCfg = Release|Any CPU
		{0BE751C3-9AE0-4956-BE49-FD80E5DF29DC}.Release|Mixed Platforms.Build.0 = Release|Any CPU
		{0BE751C3-9AE0-4956-BE49-FD80E5DF29DC}.Release|x86.ActiveCfg = Release|Any CPU
		{E8082B21-BF96-4C8F-8664-8E3C198C6DB3}.Debug|Any CPU.ActiveCfg = Debug|Any CPU
		{E8082B21-BF96-4C8F-8664-8E3C198C6DB3}.Debug|Any CPU.Build.0 = Debug|Any CPU
		{E8082B21-BF96-4C8F-8664-8E3C198C6DB3}.Debug|Mixed Platforms.ActiveCfg = Debug|Any CPU
		{E8082B21-BF96-4C8F-8664-8E3C198C6DB3}.Debug|Mixed Platforms.Build.0 = Debug|Any CPU
		{E8082B21-BF96-4C8F-8664-8E3C198C6DB3}.Debug|x86.ActiveCfg = Debug|Any CPU
		{E8082B21-BF96-4C8F-8664-8E3C198C6DB3}.Release|Any CPU.ActiveCfg = Release|Any CPU
		{E8082B21-BF96-4C8F-8664-8E3C198C6DB3}.Release|Any CPU.Build.0 = Release|Any CPU
		{E8082B21-BF96-4C8F-8664-8E3C198C6DB3}.Release|Mixed Platforms.ActiveCfg = Release|Any CPU
		{E8082B21-BF96-4C8F-8664-8E3C198C6DB3}.Release|Mixed Platforms.Build.0 = Release|Any CPU
		{E8082B21-BF96-4C8F-8664-8E3C198C6DB3}.Release|x86.ActiveCfg = Release|Any CPU
		{0E1FA4A7-7256-4269-B2FA-93A378E818FF}.Debug|Any CPU.ActiveCfg = Debug|Any CPU
		{0E1FA4A7-7256-4269-B2FA-93A378E818FF}.Debug|Any CPU.Build.0 = Debug|Any CPU
		{0E1FA4A7-7256-4269-B2FA-93A378E818FF}.Debug|Mixed Platforms.ActiveCfg = Debug|Any CPU
		{0E1FA4A7-7256-4269-B2FA-93A378E818FF}.Debug|Mixed Platforms.Build.0 = Debug|Any CPU
		{0E1FA4A7-7256-4269-B2FA-93A378E818FF}.Debug|x86.ActiveCfg = Debug|Any CPU
		{0E1FA4A7-7256-4269-B2FA-93A378E818FF}.Release|Any CPU.ActiveCfg = Release|Any CPU
		{0E1FA4A7-7256-4269-B2FA-93A378E818FF}.Release|Any CPU.Build.0 = Release|Any CPU
		{0E1FA4A7-7256-4269-B2FA-93A378E818FF}.Release|Mixed Platforms.ActiveCfg = Release|Any CPU
		{0E1FA4A7-7256-4269-B2FA-93A378E818FF}.Release|Mixed Platforms.Build.0 = Release|Any CPU
		{0E1FA4A7-7256-4269-B2FA-93A378E818FF}.Release|x86.ActiveCfg = Release|Any CPU
		{A95FB6D7-9160-47C1-A80C-65C63AB38BDF}.Debug|Any CPU.ActiveCfg = Debug|Any CPU
		{A95FB6D7-9160-47C1-A80C-65C63AB38BDF}.Debug|Any CPU.Build.0 = Debug|Any CPU
		{A95FB6D7-9160-47C1-A80C-65C63AB38BDF}.Debug|Mixed Platforms.ActiveCfg = Debug|Any CPU
		{A95FB6D7-9160-47C1-A80C-65C63AB38BDF}.Debug|Mixed Platforms.Build.0 = Debug|Any CPU
		{A95FB6D7-9160-47C1-A80C-65C63AB38BDF}.Debug|x86.ActiveCfg = Debug|Any CPU
		{A95FB6D7-9160-47C1-A80C-65C63AB38BDF}.Release|Any CPU.ActiveCfg = Release|Any CPU
		{A95FB6D7-9160-47C1-A80C-65C63AB38BDF}.Release|Any CPU.Build.0 = Release|Any CPU
		{A95FB6D7-9160-47C1-A80C-65C63AB38BDF}.Release|Mixed Platforms.ActiveCfg = Release|Any CPU
		{A95FB6D7-9160-47C1-A80C-65C63AB38BDF}.Release|Mixed Platforms.Build.0 = Release|Any CPU
		{A95FB6D7-9160-47C1-A80C-65C63AB38BDF}.Release|x86.ActiveCfg = Release|Any CPU
		{48E2DEB9-E45A-484E-B2D6-4B480ADBFF65}.Debug|Any CPU.ActiveCfg = Debug|Any CPU
		{48E2DEB9-E45A-484E-B2D6-4B480ADBFF65}.Debug|Any CPU.Build.0 = Debug|Any CPU
		{48E2DEB9-E45A-484E-B2D6-4B480ADBFF65}.Debug|Mixed Platforms.ActiveCfg = Debug|Any CPU
		{48E2DEB9-E45A-484E-B2D6-4B480ADBFF65}.Debug|Mixed Platforms.Build.0 = Debug|Any CPU
		{48E2DEB9-E45A-484E-B2D6-4B480ADBFF65}.Debug|x86.ActiveCfg = Debug|Any CPU
		{48E2DEB9-E45A-484E-B2D6-4B480ADBFF65}.Release|Any CPU.ActiveCfg = Release|Any CPU
		{48E2DEB9-E45A-484E-B2D6-4B480ADBFF65}.Release|Any CPU.Build.0 = Release|Any CPU
		{48E2DEB9-E45A-484E-B2D6-4B480ADBFF65}.Release|Mixed Platforms.ActiveCfg = Release|Any CPU
		{48E2DEB9-E45A-484E-B2D6-4B480ADBFF65}.Release|Mixed Platforms.Build.0 = Release|Any CPU
		{48E2DEB9-E45A-484E-B2D6-4B480ADBFF65}.Release|x86.ActiveCfg = Release|Any CPU
		{E11FBC4E-2EB6-461C-9310-094B6ADE9595}.Debug|Any CPU.ActiveCfg = Debug|Any CPU
		{E11FBC4E-2EB6-461C-9310-094B6ADE9595}.Debug|Any CPU.Build.0 = Debug|Any CPU
		{E11FBC4E-2EB6-461C-9310-094B6ADE9595}.Debug|Mixed Platforms.ActiveCfg = Debug|Any CPU
		{E11FBC4E-2EB6-461C-9310-094B6ADE9595}.Debug|Mixed Platforms.Build.0 = Debug|Any CPU
		{E11FBC4E-2EB6-461C-9310-094B6ADE9595}.Debug|x86.ActiveCfg = Debug|Any CPU
		{E11FBC4E-2EB6-461C-9310-094B6ADE9595}.Release|Any CPU.ActiveCfg = Release|Any CPU
		{E11FBC4E-2EB6-461C-9310-094B6ADE9595}.Release|Any CPU.Build.0 = Release|Any CPU
		{E11FBC4E-2EB6-461C-9310-094B6ADE9595}.Release|Mixed Platforms.ActiveCfg = Release|Any CPU
		{E11FBC4E-2EB6-461C-9310-094B6ADE9595}.Release|Mixed Platforms.Build.0 = Release|Any CPU
		{E11FBC4E-2EB6-461C-9310-094B6ADE9595}.Release|x86.ActiveCfg = Release|Any CPU
		{2183B489-3AB4-4926-9B45-9FDDEADB9811}.Debug|Any CPU.ActiveCfg = Debug|Any CPU
		{2183B489-3AB4-4926-9B45-9FDDEADB9811}.Debug|Any CPU.Build.0 = Debug|Any CPU
		{2183B489-3AB4-4926-9B45-9FDDEADB9811}.Debug|Mixed Platforms.ActiveCfg = Debug|Any CPU
		{2183B489-3AB4-4926-9B45-9FDDEADB9811}.Debug|Mixed Platforms.Build.0 = Debug|Any CPU
		{2183B489-3AB4-4926-9B45-9FDDEADB9811}.Debug|x86.ActiveCfg = Debug|Any CPU
		{2183B489-3AB4-4926-9B45-9FDDEADB9811}.Release|Any CPU.ActiveCfg = Release|Any CPU
		{2183B489-3AB4-4926-9B45-9FDDEADB9811}.Release|Any CPU.Build.0 = Release|Any CPU
		{2183B489-3AB4-4926-9B45-9FDDEADB9811}.Release|Mixed Platforms.ActiveCfg = Release|Any CPU
		{2183B489-3AB4-4926-9B45-9FDDEADB9811}.Release|Mixed Platforms.Build.0 = Release|Any CPU
		{2183B489-3AB4-4926-9B45-9FDDEADB9811}.Release|x86.ActiveCfg = Release|Any CPU
		{552DA335-EA4F-465C-A8D2-2FFCF3A2EAA2}.Debug|Any CPU.ActiveCfg = Debug|Any CPU
		{552DA335-EA4F-465C-A8D2-2FFCF3A2EAA2}.Debug|Any CPU.Build.0 = Debug|Any CPU
		{552DA335-EA4F-465C-A8D2-2FFCF3A2EAA2}.Debug|Mixed Platforms.ActiveCfg = Debug|Any CPU
		{552DA335-EA4F-465C-A8D2-2FFCF3A2EAA2}.Debug|Mixed Platforms.Build.0 = Debug|Any CPU
		{552DA335-EA4F-465C-A8D2-2FFCF3A2EAA2}.Debug|x86.ActiveCfg = Debug|Any CPU
		{552DA335-EA4F-465C-A8D2-2FFCF3A2EAA2}.Release|Any CPU.ActiveCfg = Release|Any CPU
		{552DA335-EA4F-465C-A8D2-2FFCF3A2EAA2}.Release|Any CPU.Build.0 = Release|Any CPU
		{552DA335-EA4F-465C-A8D2-2FFCF3A2EAA2}.Release|Mixed Platforms.ActiveCfg = Release|Any CPU
		{552DA335-EA4F-465C-A8D2-2FFCF3A2EAA2}.Release|Mixed Platforms.Build.0 = Release|Any CPU
		{552DA335-EA4F-465C-A8D2-2FFCF3A2EAA2}.Release|x86.ActiveCfg = Release|Any CPU
		{5BF74CBC-E88C-459E-B0DC-34069552A0A3}.Debug|Any CPU.ActiveCfg = Debug|Any CPU
		{5BF74CBC-E88C-459E-B0DC-34069552A0A3}.Debug|Any CPU.Build.0 = Debug|Any CPU
		{5BF74CBC-E88C-459E-B0DC-34069552A0A3}.Debug|Mixed Platforms.ActiveCfg = Debug|Any CPU
		{5BF74CBC-E88C-459E-B0DC-34069552A0A3}.Debug|Mixed Platforms.Build.0 = Debug|Any CPU
		{5BF74CBC-E88C-459E-B0DC-34069552A0A3}.Debug|x86.ActiveCfg = Debug|Any CPU
		{5BF74CBC-E88C-459E-B0DC-34069552A0A3}.Release|Any CPU.ActiveCfg = Release|Any CPU
		{5BF74CBC-E88C-459E-B0DC-34069552A0A3}.Release|Any CPU.Build.0 = Release|Any CPU
		{5BF74CBC-E88C-459E-B0DC-34069552A0A3}.Release|Mixed Platforms.ActiveCfg = Release|Any CPU
		{5BF74CBC-E88C-459E-B0DC-34069552A0A3}.Release|Mixed Platforms.Build.0 = Release|Any CPU
		{5BF74CBC-E88C-459E-B0DC-34069552A0A3}.Release|x86.ActiveCfg = Release|Any CPU
		{0FA444B9-B876-47EB-A78D-BB4BEBC9740D}.Debug|Any CPU.ActiveCfg = Debug|Any CPU
		{0FA444B9-B876-47EB-A78D-BB4BEBC9740D}.Debug|Any CPU.Build.0 = Debug|Any CPU
		{0FA444B9-B876-47EB-A78D-BB4BEBC9740D}.Debug|Mixed Platforms.ActiveCfg = Debug|Any CPU
		{0FA444B9-B876-47EB-A78D-BB4BEBC9740D}.Debug|Mixed Platforms.Build.0 = Debug|Any CPU
		{0FA444B9-B876-47EB-A78D-BB4BEBC9740D}.Debug|x86.ActiveCfg = Debug|Any CPU
		{0FA444B9-B876-47EB-A78D-BB4BEBC9740D}.Release|Any CPU.ActiveCfg = Release|Any CPU
		{0FA444B9-B876-47EB-A78D-BB4BEBC9740D}.Release|Any CPU.Build.0 = Release|Any CPU
		{0FA444B9-B876-47EB-A78D-BB4BEBC9740D}.Release|Mixed Platforms.ActiveCfg = Release|Any CPU
		{0FA444B9-B876-47EB-A78D-BB4BEBC9740D}.Release|Mixed Platforms.Build.0 = Release|Any CPU
		{0FA444B9-B876-47EB-A78D-BB4BEBC9740D}.Release|x86.ActiveCfg = Release|Any CPU
		{DD243842-2ED9-4E77-9BE3-3BF5C2C129C1}.Debug|Any CPU.ActiveCfg = Debug|Any CPU
		{DD243842-2ED9-4E77-9BE3-3BF5C2C129C1}.Debug|Any CPU.Build.0 = Debug|Any CPU
		{DD243842-2ED9-4E77-9BE3-3BF5C2C129C1}.Debug|Mixed Platforms.ActiveCfg = Debug|Any CPU
		{DD243842-2ED9-4E77-9BE3-3BF5C2C129C1}.Debug|Mixed Platforms.Build.0 = Debug|Any CPU
		{DD243842-2ED9-4E77-9BE3-3BF5C2C129C1}.Debug|x86.ActiveCfg = Debug|Any CPU
		{DD243842-2ED9-4E77-9BE3-3BF5C2C129C1}.Release|Any CPU.ActiveCfg = Release|Any CPU
		{DD243842-2ED9-4E77-9BE3-3BF5C2C129C1}.Release|Any CPU.Build.0 = Release|Any CPU
		{DD243842-2ED9-4E77-9BE3-3BF5C2C129C1}.Release|Mixed Platforms.ActiveCfg = Release|Any CPU
		{DD243842-2ED9-4E77-9BE3-3BF5C2C129C1}.Release|Mixed Platforms.Build.0 = Release|Any CPU
		{DD243842-2ED9-4E77-9BE3-3BF5C2C129C1}.Release|x86.ActiveCfg = Release|Any CPU
		{817BB42A-324A-4243-9639-33C99F4F883C}.Debug|Any CPU.ActiveCfg = Debug|Any CPU
		{817BB42A-324A-4243-9639-33C99F4F883C}.Debug|Any CPU.Build.0 = Debug|Any CPU
		{817BB42A-324A-4243-9639-33C99F4F883C}.Debug|Mixed Platforms.ActiveCfg = Debug|Any CPU
		{817BB42A-324A-4243-9639-33C99F4F883C}.Debug|Mixed Platforms.Build.0 = Debug|Any CPU
		{817BB42A-324A-4243-9639-33C99F4F883C}.Debug|x86.ActiveCfg = Debug|Any CPU
		{817BB42A-324A-4243-9639-33C99F4F883C}.Release|Any CPU.ActiveCfg = Release|Any CPU
		{817BB42A-324A-4243-9639-33C99F4F883C}.Release|Any CPU.Build.0 = Release|Any CPU
		{817BB42A-324A-4243-9639-33C99F4F883C}.Release|Mixed Platforms.ActiveCfg = Release|Any CPU
		{817BB42A-324A-4243-9639-33C99F4F883C}.Release|Mixed Platforms.Build.0 = Release|Any CPU
		{817BB42A-324A-4243-9639-33C99F4F883C}.Release|x86.ActiveCfg = Release|Any CPU
		{255CD7A4-3217-4CA4-8E83-4CC91D6CB44D}.Debug|Any CPU.ActiveCfg = Debug|Any CPU
		{255CD7A4-3217-4CA4-8E83-4CC91D6CB44D}.Debug|Any CPU.Build.0 = Debug|Any CPU
		{255CD7A4-3217-4CA4-8E83-4CC91D6CB44D}.Debug|Mixed Platforms.ActiveCfg = Debug|Any CPU
		{255CD7A4-3217-4CA4-8E83-4CC91D6CB44D}.Debug|Mixed Platforms.Build.0 = Debug|Any CPU
		{255CD7A4-3217-4CA4-8E83-4CC91D6CB44D}.Debug|x86.ActiveCfg = Debug|Any CPU
		{255CD7A4-3217-4CA4-8E83-4CC91D6CB44D}.Release|Any CPU.ActiveCfg = Release|Any CPU
		{255CD7A4-3217-4CA4-8E83-4CC91D6CB44D}.Release|Any CPU.Build.0 = Release|Any CPU
		{255CD7A4-3217-4CA4-8E83-4CC91D6CB44D}.Release|Mixed Platforms.ActiveCfg = Release|Any CPU
		{255CD7A4-3217-4CA4-8E83-4CC91D6CB44D}.Release|Mixed Platforms.Build.0 = Release|Any CPU
		{255CD7A4-3217-4CA4-8E83-4CC91D6CB44D}.Release|x86.ActiveCfg = Release|Any CPU
		{939F1E2A-B8EA-43BE-878C-DD9E4FCBA28F}.Debug|Any CPU.ActiveCfg = Debug|Any CPU
		{939F1E2A-B8EA-43BE-878C-DD9E4FCBA28F}.Debug|Any CPU.Build.0 = Debug|Any CPU
		{939F1E2A-B8EA-43BE-878C-DD9E4FCBA28F}.Debug|Mixed Platforms.ActiveCfg = Debug|Any CPU
		{939F1E2A-B8EA-43BE-878C-DD9E4FCBA28F}.Debug|Mixed Platforms.Build.0 = Debug|Any CPU
		{939F1E2A-B8EA-43BE-878C-DD9E4FCBA28F}.Debug|x86.ActiveCfg = Debug|Any CPU
		{939F1E2A-B8EA-43BE-878C-DD9E4FCBA28F}.Release|Any CPU.ActiveCfg = Release|Any CPU
		{939F1E2A-B8EA-43BE-878C-DD9E4FCBA28F}.Release|Any CPU.Build.0 = Release|Any CPU
		{939F1E2A-B8EA-43BE-878C-DD9E4FCBA28F}.Release|Mixed Platforms.ActiveCfg = Release|Any CPU
		{939F1E2A-B8EA-43BE-878C-DD9E4FCBA28F}.Release|Mixed Platforms.Build.0 = Release|Any CPU
		{939F1E2A-B8EA-43BE-878C-DD9E4FCBA28F}.Release|x86.ActiveCfg = Release|Any CPU
		{750E7B2E-8096-4831-B318-B1F1FAFD6AE4}.Debug|Any CPU.ActiveCfg = Debug|Any CPU
		{750E7B2E-8096-4831-B318-B1F1FAFD6AE4}.Debug|Any CPU.Build.0 = Debug|Any CPU
		{750E7B2E-8096-4831-B318-B1F1FAFD6AE4}.Debug|Mixed Platforms.ActiveCfg = Debug|Any CPU
		{750E7B2E-8096-4831-B318-B1F1FAFD6AE4}.Debug|Mixed Platforms.Build.0 = Debug|Any CPU
		{750E7B2E-8096-4831-B318-B1F1FAFD6AE4}.Debug|x86.ActiveCfg = Debug|Any CPU
		{750E7B2E-8096-4831-B318-B1F1FAFD6AE4}.Release|Any CPU.ActiveCfg = Release|Any CPU
		{750E7B2E-8096-4831-B318-B1F1FAFD6AE4}.Release|Any CPU.Build.0 = Release|Any CPU
		{750E7B2E-8096-4831-B318-B1F1FAFD6AE4}.Release|Mixed Platforms.ActiveCfg = Release|Any CPU
		{750E7B2E-8096-4831-B318-B1F1FAFD6AE4}.Release|Mixed Platforms.Build.0 = Release|Any CPU
		{750E7B2E-8096-4831-B318-B1F1FAFD6AE4}.Release|x86.ActiveCfg = Release|Any CPU
		{5202B147-B5CB-49D2-AF14-F3887E2210B1}.Debug|Any CPU.ActiveCfg = Debug|Any CPU
		{5202B147-B5CB-49D2-AF14-F3887E2210B1}.Debug|Any CPU.Build.0 = Debug|Any CPU
		{5202B147-B5CB-49D2-AF14-F3887E2210B1}.Debug|Mixed Platforms.ActiveCfg = Debug|Any CPU
		{5202B147-B5CB-49D2-AF14-F3887E2210B1}.Debug|Mixed Platforms.Build.0 = Debug|Any CPU
		{5202B147-B5CB-49D2-AF14-F3887E2210B1}.Debug|x86.ActiveCfg = Debug|Any CPU
		{5202B147-B5CB-49D2-AF14-F3887E2210B1}.Release|Any CPU.ActiveCfg = Release|Any CPU
		{5202B147-B5CB-49D2-AF14-F3887E2210B1}.Release|Any CPU.Build.0 = Release|Any CPU
		{5202B147-B5CB-49D2-AF14-F3887E2210B1}.Release|Mixed Platforms.ActiveCfg = Release|Any CPU
		{5202B147-B5CB-49D2-AF14-F3887E2210B1}.Release|Mixed Platforms.Build.0 = Release|Any CPU
		{5202B147-B5CB-49D2-AF14-F3887E2210B1}.Release|x86.ActiveCfg = Release|Any CPU
	EndGlobalSection
	GlobalSection(SolutionProperties) = preSolution
		HideSolutionNode = FALSE
	EndGlobalSection
	GlobalSection(NestedProjects) = preSolution
		{8A10E3D6-2C5D-4A72-97EF-5A412663920C} = {1F49C155-C844-4D52-874C-E056D1645C56}
		{2B005D69-E10B-4CE6-B9E8-3F3FD1F2C874} = {1F49C155-C844-4D52-874C-E056D1645C56}
		{7C6B5185-B035-465F-A760-7B7D45B3FBAA} = {1F49C155-C844-4D52-874C-E056D1645C56}
		{E53548FE-1D9D-4A99-8FC0-F02B661D964F} = {1F49C155-C844-4D52-874C-E056D1645C56}
		{09DC80B3-EFD9-4CAD-88D5-2DAEF7D0C01A} = {1F49C155-C844-4D52-874C-E056D1645C56}
		{D1EE4794-32C2-4047-ACCA-457812A7FCC6} = {1F49C155-C844-4D52-874C-E056D1645C56}
		{365DB5DB-40ED-4418-B19B-286CCEA083A1} = {1F49C155-C844-4D52-874C-E056D1645C56}
		{ED8C6ACB-E53B-4278-B9AC-485709E6294D} = {1F49C155-C844-4D52-874C-E056D1645C56}
		{5FAA63E5-FE9F-4EA1-B589-58F74E00F9F3} = {1F49C155-C844-4D52-874C-E056D1645C56}
		{60B1A687-3802-499E-B03F-B4BC1829B932} = {1F49C155-C844-4D52-874C-E056D1645C56}
		{65BFA748-C640-49B0-B506-34BBB165233A} = {1F49C155-C844-4D52-874C-E056D1645C56}
		{0BE751C3-9AE0-4956-BE49-FD80E5DF29DC} = {1F49C155-C844-4D52-874C-E056D1645C56}
		{E8082B21-BF96-4C8F-8664-8E3C198C6DB3} = {1F49C155-C844-4D52-874C-E056D1645C56}
		{0E1FA4A7-7256-4269-B2FA-93A378E818FF} = {1F49C155-C844-4D52-874C-E056D1645C56}
		{A95FB6D7-9160-47C1-A80C-65C63AB38BDF} = {1F49C155-C844-4D52-874C-E056D1645C56}
		{48E2DEB9-E45A-484E-B2D6-4B480ADBFF65} = {1F49C155-C844-4D52-874C-E056D1645C56}
		{E11FBC4E-2EB6-461C-9310-094B6ADE9595} = {1F49C155-C844-4D52-874C-E056D1645C56}
		{2183B489-3AB4-4926-9B45-9FDDEADB9811} = {1F49C155-C844-4D52-874C-E056D1645C56}
		{552DA335-EA4F-465C-A8D2-2FFCF3A2EAA2} = {1F49C155-C844-4D52-874C-E056D1645C56}
		{5BF74CBC-E88C-459E-B0DC-34069552A0A3} = {1F49C155-C844-4D52-874C-E056D1645C56}
		{0FA444B9-B876-47EB-A78D-BB4BEBC9740D} = {1F49C155-C844-4D52-874C-E056D1645C56}
		{DD243842-2ED9-4E77-9BE3-3BF5C2C129C1} = {1F49C155-C844-4D52-874C-E056D1645C56}
		{817BB42A-324A-4243-9639-33C99F4F883C} = {1F49C155-C844-4D52-874C-E056D1645C56}
		{255CD7A4-3217-4CA4-8E83-4CC91D6CB44D} = {1F49C155-C844-4D52-874C-E056D1645C56}
		{939F1E2A-B8EA-43BE-878C-DD9E4FCBA28F} = {1F49C155-C844-4D52-874C-E056D1645C56}
		{750E7B2E-8096-4831-B318-B1F1FAFD6AE4} = {1F49C155-C844-4D52-874C-E056D1645C56}
		{5202B147-B5CB-49D2-AF14-F3887E2210B1} = {1F49C155-C844-4D52-874C-E056D1645C56}
	EndGlobalSection
EndGlobal
