
Microsoft Visual Studio Solution File, Format Version 11.00
# Visual Studio 2010
Project("{FAE04EC0-301F-11D3-BF4B-00C04F79EFBC}") = "TimersTest", "TimersTest\TimersTest.csproj", "{46A2F680-10AF-48BB-8D97-6921C1D4D9DC}"
EndProject
Global
	GlobalSection(TeamFoundationVersionControl) = preSolution
		SccNumberOfProjects = 2
		SccEnterpriseProvider = {4CA58AB2-18FA-4F8D-95D4-32DDF27D184C}
		SccTeamFoundationServer = https://tfsgorba.gorba.com:8443/tfs/defaultcollection
		SccLocalPath0 = .
		SccProjectUniqueName1 = TimersTest\\TimersTest.csproj
		SccProjectName1 = TimersTest
		SccLocalPath1 = TimersTest
	EndGlobalSection
	GlobalSection(SolutionConfigurationPlatforms) = preSolution
		Debug|Any CPU = Debug|Any CPU
		Debug|Mixed Platforms = Debug|Mixed Platforms
		Debug|x86 = Debug|x86
		Release|Any CPU = Release|Any CPU
		Release|Mixed Platforms = Release|Mixed Platforms
		Release|x86 = Release|x86
	EndGlobalSection
	GlobalSection(ProjectConfigurationPlatforms) = postSolution
		{46A2F680-10AF-48BB-8D97-6921C1D4D9DC}.Debug|Any CPU.ActiveCfg = Debug|x86
		{46A2F680-10AF-48BB-8D97-6921C1D4D9DC}.Debug|Mixed Platforms.ActiveCfg = Debug|x86
		{46A2F680-10AF-48BB-8D97-6921C1D4D9DC}.Debug|Mixed Platforms.Build.0 = Debug|x86
		{46A2F680-10AF-48BB-8D97-6921C1D4D9DC}.Debug|x86.ActiveCfg = Debug|x86
		{46A2F680-10AF-48BB-8D97-6921C1D4D9DC}.Debug|x86.Build.0 = Debug|x86
		{46A2F680-10AF-48BB-8D97-6921C1D4D9DC}.Release|Any CPU.ActiveCfg = Release|x86
		{46A2F680-10AF-48BB-8D97-6921C1D4D9DC}.Release|Mixed Platforms.ActiveCfg = Release|x86
		{46A2F680-10AF-48BB-8D97-6921C1D4D9DC}.Release|Mixed Platforms.Build.0 = Release|x86
		{46A2F680-10AF-48BB-8D97-6921C1D4D9DC}.Release|x86.ActiveCfg = Release|x86
		{46A2F680-10AF-48BB-8D97-6921C1D4D9DC}.Release|x86.Build.0 = Release|x86
	EndGlobalSection
	GlobalSection(SolutionProperties) = preSolution
		HideSolutionNode = FALSE
	EndGlobalSection
EndGlobal
